// !$*UTF8*$!
{
	archiveVersion = 1;
	classes = {
	};
	objectVersion = 52;
	objects = {

/* Begin PBXBuildFile section */
		8AB647BF265D0A0D00B2F498 /* AppDelegate.swift in Sources */ = {isa = PBXBuildFile; fileRef = 8AB647BE265D0A0D00B2F498 /* AppDelegate.swift */; };
		8AB647C1265D0A0D00B2F498 /* SceneDelegate.swift in Sources */ = {isa = PBXBuildFile; fileRef = 8AB647C0265D0A0D00B2F498 /* SceneDelegate.swift */; };
		8AB647C8265D0A1100B2F498 /* Assets.xcassets in Resources */ = {isa = PBXBuildFile; fileRef = 8AB647C7265D0A1100B2F498 /* Assets.xcassets */; };
		8AB647CB265D0A1100B2F498 /* LaunchScreen.storyboard in Resources */ = {isa = PBXBuildFile; fileRef = 8AB647C9265D0A1100B2F498 /* LaunchScreen.storyboard */; };
		8ABB296C26828A6B009963FF /* Film.swift in Sources */ = {isa = PBXBuildFile; fileRef = 8ABB296B26828A6A009963FF /* Film.swift */; };
		8ABB296F26828BA3009963FF /* Details.swift in Sources */ = {isa = PBXBuildFile; fileRef = 8ABB296E26828BA3009963FF /* Details.swift */; };
		8ABDA0C82680E44600477D3D /* Category.swift in Sources */ = {isa = PBXBuildFile; fileRef = 8ABDA0C62680E44600477D3D /* Category.swift */; };
		FA077AA6273D23A70034634D /* Categories.json in Resources */ = {isa = PBXBuildFile; fileRef = FA077AA4273D23A70034634D /* Categories.json */; };
		FA077AA7273D23A70034634D /* Films.json in Resources */ = {isa = PBXBuildFile; fileRef = FA077AA5273D23A70034634D /* Films.json */; };
		FA077AA9273D2E3E0034634D /* MainUseCaseTests.swift in Sources */ = {isa = PBXBuildFile; fileRef = FA077AA8273D2E3E0034634D /* MainUseCaseTests.swift */; };
		FA077AB1273D55720034634D /* NetworkServiceTests.swift in Sources */ = {isa = PBXBuildFile; fileRef = FA077AB0273D55720034634D /* NetworkServiceTests.swift */; };
		FA077AB4273D55AB0034634D /* URLProtocolMock.swift in Sources */ = {isa = PBXBuildFile; fileRef = FA077AB3273D55AB0034634D /* URLProtocolMock.swift */; };
		FA0D5565272D3DDD005CBFDB /* Detail+Bucket.swift in Sources */ = {isa = PBXBuildFile; fileRef = FA0D5564272D3DDD005CBFDB /* Detail+Bucket.swift */; };
		FA11622D27158DB3004A3D2D /* UIImageView+Utils.swift in Sources */ = {isa = PBXBuildFile; fileRef = FA11622C27158DB3004A3D2D /* UIImageView+Utils.swift */; };
		FA1162312715907E004A3D2D /* CategoryImageView.swift in Sources */ = {isa = PBXBuildFile; fileRef = FA1162302715907E004A3D2D /* CategoryImageView.swift */; };
		FA1162332716D5FD004A3D2D /* CategoryLabel.swift in Sources */ = {isa = PBXBuildFile; fileRef = FA1162322716D5FD004A3D2D /* CategoryLabel.swift */; };
		FA11623527172357004A3D2D /* SelectedItem.swift in Sources */ = {isa = PBXBuildFile; fileRef = FA11623427172357004A3D2D /* SelectedItem.swift */; };
		FA4742882714619B00C700BD /* Category+Assets.swift in Sources */ = {isa = PBXBuildFile; fileRef = FA4742872714619B00C700BD /* Category+Assets.swift */; };
		FA527AE5271ED57F00C56600 /* PeopleViewModel.swift in Sources */ = {isa = PBXBuildFile; fileRef = FA527AC7271ED57F00C56600 /* PeopleViewModel.swift */; };
		FA527AE6271ED57F00C56600 /* FilmViewModel.swift in Sources */ = {isa = PBXBuildFile; fileRef = FA527AC8271ED57F00C56600 /* FilmViewModel.swift */; };
		FA527AE7271ED57F00C56600 /* DetailViewModelFactory.swift in Sources */ = {isa = PBXBuildFile; fileRef = FA527AC9271ED57F00C56600 /* DetailViewModelFactory.swift */; };
		FA527AE8271ED57F00C56600 /* DetailsViewModel.swift in Sources */ = {isa = PBXBuildFile; fileRef = FA527ACA271ED57F00C56600 /* DetailsViewModel.swift */; };
		FA527AE9271ED57F00C56600 /* DetailsViewModelType.swift in Sources */ = {isa = PBXBuildFile; fileRef = FA527ACB271ED57F00C56600 /* DetailsViewModelType.swift */; };
		FA527AEB271ED57F00C56600 /* DetailsViewController.xib in Resources */ = {isa = PBXBuildFile; fileRef = FA527ACD271ED57F00C56600 /* DetailsViewController.xib */; };
		FA527AEC271ED57F00C56600 /* FilmCollectionViewCell.swift in Sources */ = {isa = PBXBuildFile; fileRef = FA527ACF271ED57F00C56600 /* FilmCollectionViewCell.swift */; };
		FA527AED271ED57F00C56600 /* DetailCollectionViewCell.swift in Sources */ = {isa = PBXBuildFile; fileRef = FA527AD0271ED57F00C56600 /* DetailCollectionViewCell.swift */; };
		FA527AEE271ED57F00C56600 /* FilmCollectionViewCell.xib in Resources */ = {isa = PBXBuildFile; fileRef = FA527AD1271ED57F00C56600 /* FilmCollectionViewCell.xib */; };
		FA527AEF271ED57F00C56600 /* DetailCollectionViewCell.xib in Resources */ = {isa = PBXBuildFile; fileRef = FA527AD2271ED57F00C56600 /* DetailCollectionViewCell.xib */; };
		FA527AF0271ED57F00C56600 /* DetailsDisplayDataManager.swift in Sources */ = {isa = PBXBuildFile; fileRef = FA527AD3271ED57F00C56600 /* DetailsDisplayDataManager.swift */; };
		FA527AF1271ED57F00C56600 /* DetailsViewController.swift in Sources */ = {isa = PBXBuildFile; fileRef = FA527AD4271ED57F00C56600 /* DetailsViewController.swift */; };
		FA527AF2271ED57F00C56600 /* MainNavigator.swift in Sources */ = {isa = PBXBuildFile; fileRef = FA527AD6271ED57F00C56600 /* MainNavigator.swift */; };
		FA527AF3271ED57F00C56600 /* MainViewController.xib in Resources */ = {isa = PBXBuildFile; fileRef = FA527AD7271ED57F00C56600 /* MainViewController.xib */; };
		FA527AF4271ED57F00C56600 /* MainFlowCoordinator.swift in Sources */ = {isa = PBXBuildFile; fileRef = FA527AD8271ED57F00C56600 /* MainFlowCoordinator.swift */; };
		FA527AF5271ED57F00C56600 /* MainViewController.swift in Sources */ = {isa = PBXBuildFile; fileRef = FA527AD9271ED57F00C56600 /* MainViewController.swift */; };
		FA527AF6271ED57F00C56600 /* CategoriesViewModel.swift in Sources */ = {isa = PBXBuildFile; fileRef = FA527ADC271ED57F00C56600 /* CategoriesViewModel.swift */; };
		FA527AF7271ED57F00C56600 /* CategoryViewModel.swift in Sources */ = {isa = PBXBuildFile; fileRef = FA527ADD271ED57F00C56600 /* CategoryViewModel.swift */; };
		FA527AF8271ED57F00C56600 /* CategoriesViewModelType.swift in Sources */ = {isa = PBXBuildFile; fileRef = FA527ADE271ED57F00C56600 /* CategoriesViewModelType.swift */; };
		FA527AF9271ED57F00C56600 /* CategoriesViewController.xib in Resources */ = {isa = PBXBuildFile; fileRef = FA527ADF271ED57F00C56600 /* CategoriesViewController.xib */; };
		FA527AFA271ED57F00C56600 /* CategoriesViewController.swift in Sources */ = {isa = PBXBuildFile; fileRef = FA527AE0271ED57F00C56600 /* CategoriesViewController.swift */; };
		FA527AFB271ED57F00C56600 /* CategoryCollectionViewCell.swift in Sources */ = {isa = PBXBuildFile; fileRef = FA527AE2271ED57F00C56600 /* CategoryCollectionViewCell.swift */; };
		FA527AFC271ED57F00C56600 /* CategoryCollectionViewCell.xib in Resources */ = {isa = PBXBuildFile; fileRef = FA527AE3271ED57F00C56600 /* CategoryCollectionViewCell.xib */; };
		FA527AFD271ED57F00C56600 /* CategoriesDisplayDataManager.swift in Sources */ = {isa = PBXBuildFile; fileRef = FA527AE4271ED57F00C56600 /* CategoriesDisplayDataManager.swift */; };
		FA527B06271ED5B800C56600 /* NetworkServiceType.swift in Sources */ = {isa = PBXBuildFile; fileRef = FA527B01271ED5B800C56600 /* NetworkServiceType.swift */; };
		FA527B07271ED5B800C56600 /* NetworkService.swift in Sources */ = {isa = PBXBuildFile; fileRef = FA527B02271ED5B800C56600 /* NetworkService.swift */; };
		FA527B08271ED5B800C56600 /* Resource.swift in Sources */ = {isa = PBXBuildFile; fileRef = FA527B03271ED5B800C56600 /* Resource.swift */; };
		FA527B09271ED5B800C56600 /* ServicesProvider.swift in Sources */ = {isa = PBXBuildFile; fileRef = FA527B04271ED5B800C56600 /* ServicesProvider.swift */; };
		FA527B0D271F11A300C56600 /* Planet.swift in Sources */ = {isa = PBXBuildFile; fileRef = FA527B0C271F11A300C56600 /* Planet.swift */; };
		FA7E8900272BD2D900220980 /* FirebaseStorageCombine-Community in Frameworks */ = {isa = PBXBuildFile; productRef = FA7E88FF272BD2D900220980 /* FirebaseStorageCombine-Community */; };
		FA7E8902272BD33800220980 /* ImageLoaderService.swift in Sources */ = {isa = PBXBuildFile; fileRef = FA7E8901272BD33800220980 /* ImageLoaderService.swift */; };
		FA7E8904272BD3BD00220980 /* ImageLoaderServiceType.swift in Sources */ = {isa = PBXBuildFile; fileRef = FA7E8903272BD3BC00220980 /* ImageLoaderServiceType.swift */; };
		FA7E8907272BE1CF00220980 /* GoogleService-Info.plist in Resources */ = {isa = PBXBuildFile; fileRef = FA7E8906272BE1CF00220980 /* GoogleService-Info.plist */; };
		FA7E8909272BEFC500220980 /* ImageCache.swift in Sources */ = {isa = PBXBuildFile; fileRef = FA7E8908272BEFC500220980 /* ImageCache.swift */; };
		FA84F8D326F8EF28000DB2F1 /* UseCaseError.swift in Sources */ = {isa = PBXBuildFile; fileRef = FA84F8D226F8EF28000DB2F1 /* UseCaseError.swift */; };
		FA84F8D526F8F5C8000DB2F1 /* Сharacter.swift in Sources */ = {isa = PBXBuildFile; fileRef = FA84F8D426F8F5C8000DB2F1 /* Сharacter.swift */; };
		FA9E499B26EF669A00D20BA0 /* Detailable.swift in Sources */ = {isa = PBXBuildFile; fileRef = FA9E499A26EF669A00D20BA0 /* Detailable.swift */; };
		FA9E49A426EF8C5A00D20BA0 /* Scheduler.swift in Sources */ = {isa = PBXBuildFile; fileRef = FA9E49A326EF8C5A00D20BA0 /* Scheduler.swift */; };
		FAAABB58271049140029C6CE /* StarsView.swift in Sources */ = {isa = PBXBuildFile; fileRef = FAAABB57271049140029C6CE /* StarsView.swift */; };
		FAAABB5B271062BC0029C6CE /* StarsParalaxView.swift in Sources */ = {isa = PBXBuildFile; fileRef = FAAABB5A271062BC0029C6CE /* StarsParalaxView.swift */; };
		FAAABB5D27108C130029C6CE /* UIViewController+Utils.swift in Sources */ = {isa = PBXBuildFile; fileRef = FAAABB5C27108C130029C6CE /* UIViewController+Utils.swift */; };
		FAB114BA26DE0FAA00ECE682 /* MainUseCaseType.swift in Sources */ = {isa = PBXBuildFile; fileRef = FAB114B926DE0FAA00ECE682 /* MainUseCaseType.swift */; };
		FAB114BC26DE123700ECE682 /* ApplicationFlowCoordinator.swift in Sources */ = {isa = PBXBuildFile; fileRef = FAB114BB26DE123700ECE682 /* ApplicationFlowCoordinator.swift */; };
		FAB114C126DE135000ECE682 /* ApplicationFlowCoordinatorDependencyProvider.swift in Sources */ = {isa = PBXBuildFile; fileRef = FAB114C026DE135000ECE682 /* ApplicationFlowCoordinatorDependencyProvider.swift */; };
		FAB114CB26DE16AA00ECE682 /* ApplicationComponentsFactory.swift in Sources */ = {isa = PBXBuildFile; fileRef = FAB114CA26DE16AA00ECE682 /* ApplicationComponentsFactory.swift */; };
		FAB114DF26DE51E800ECE682 /* Resource+Category.swift in Sources */ = {isa = PBXBuildFile; fileRef = FAB114DE26DE51E800ECE682 /* Resource+Category.swift */; };
		FAB114E126DE537100ECE682 /* APIConstants.swift in Sources */ = {isa = PBXBuildFile; fileRef = FAB114E026DE537100ECE682 /* APIConstants.swift */; };
		FAB114E326DE571400ECE682 /* Categories.swift in Sources */ = {isa = PBXBuildFile; fileRef = FAB114E226DE571400ECE682 /* Categories.swift */; };
		FAB114E726DE632C00ECE682 /* Publisher+Utils.swift in Sources */ = {isa = PBXBuildFile; fileRef = FAB114E626DE632C00ECE682 /* Publisher+Utils.swift */; };
		FAB114E926DE65C900ECE682 /* FlowCoordinator.swift in Sources */ = {isa = PBXBuildFile; fileRef = FAB114E826DE65C900ECE682 /* FlowCoordinator.swift */; };
		FAB344CF273A7351000EEDC9 /* CategoryGradientView.swift in Sources */ = {isa = PBXBuildFile; fileRef = FAB344CE273A7351000EEDC9 /* CategoryGradientView.swift */; };
		FAB34509273BCD39000EEDC9 /* ApplicationFlowCoordinatorTests.swift in Sources */ = {isa = PBXBuildFile; fileRef = FAB34508273BCD39000EEDC9 /* ApplicationFlowCoordinatorTests.swift */; };
		FAB3450B273BCD79000EEDC9 /* AllMocks.swift in Sources */ = {isa = PBXBuildFile; fileRef = FAB3450A273BCD79000EEDC9 /* AllMocks.swift */; };
		FAB3450D273BD4BD000EEDC9 /* DetailsViewModelTests.swift in Sources */ = {isa = PBXBuildFile; fileRef = FAB3450C273BD4BD000EEDC9 /* DetailsViewModelTests.swift */; };
		FAB3450F273BD922000EEDC9 /* CategoriesViewModelTests.swift in Sources */ = {isa = PBXBuildFile; fileRef = FAB3450E273BD922000EEDC9 /* CategoriesViewModelTests.swift */; };
		FAB34511273BE003000EEDC9 /* XCTestCase+Utils.swift in Sources */ = {isa = PBXBuildFile; fileRef = FAB34510273BE003000EEDC9 /* XCTestCase+Utils.swift */; };
		FAB80C6F273018F900A54148 /* Resource+Detail.swift in Sources */ = {isa = PBXBuildFile; fileRef = FAB80C6E273018F900A54148 /* Resource+Detail.swift */; };
		FABCD171271D7316002BFEFC /* PagingCollectionViewLayout.swift in Sources */ = {isa = PBXBuildFile; fileRef = FABCD170271D7316002BFEFC /* PagingCollectionViewLayout.swift */; };
		FABCD174271DB594002BFEFC /* DetailsBackgroundView.swift in Sources */ = {isa = PBXBuildFile; fileRef = FABCD173271DB594002BFEFC /* DetailsBackgroundView.swift */; };
		FABCD178271DC955002BFEFC /* String+Utils.swift in Sources */ = {isa = PBXBuildFile; fileRef = FABCD177271DC955002BFEFC /* String+Utils.swift */; };
		FAD99EB72729358200297AC7 /* DetailsViewController+CollectionViewDelegate.swift in Sources */ = {isa = PBXBuildFile; fileRef = FAD99EB62729358200297AC7 /* DetailsViewController+CollectionViewDelegate.swift */; };
		FADF79FA26BE558700D8F126 /* AlertController+Utils.swift in Sources */ = {isa = PBXBuildFile; fileRef = FADF79F926BE558700D8F126 /* AlertController+Utils.swift */; };
		FAECFBF3272003F7001BA223 /* PlanetViewModel.swift in Sources */ = {isa = PBXBuildFile; fileRef = FAECFBF2272003F7001BA223 /* PlanetViewModel.swift */; };
/* End PBXBuildFile section */

/* Begin PBXContainerItemProxy section */
		FAB34503273BCD25000EEDC9 /* PBXContainerItemProxy */ = {
			isa = PBXContainerItemProxy;
			containerPortal = 8AB647B3265D0A0D00B2F498 /* Project object */;
			proxyType = 1;
			remoteGlobalIDString = 8AB647BA265D0A0D00B2F498;
			remoteInfo = StarWarsBrowser;
		};
/* End PBXContainerItemProxy section */

/* Begin PBXFileReference section */
		8AB647BB265D0A0D00B2F498 /* StarWarsBrowser.app */ = {isa = PBXFileReference; explicitFileType = wrapper.application; includeInIndex = 0; path = StarWarsBrowser.app; sourceTree = BUILT_PRODUCTS_DIR; };
		8AB647BE265D0A0D00B2F498 /* AppDelegate.swift */ = {isa = PBXFileReference; lastKnownFileType = sourcecode.swift; path = AppDelegate.swift; sourceTree = "<group>"; };
		8AB647C0265D0A0D00B2F498 /* SceneDelegate.swift */ = {isa = PBXFileReference; lastKnownFileType = sourcecode.swift; path = SceneDelegate.swift; sourceTree = "<group>"; };
		8AB647C7265D0A1100B2F498 /* Assets.xcassets */ = {isa = PBXFileReference; lastKnownFileType = folder.assetcatalog; path = Assets.xcassets; sourceTree = "<group>"; };
		8AB647CA265D0A1100B2F498 /* Base */ = {isa = PBXFileReference; lastKnownFileType = file.storyboard; name = Base; path = Base.lproj/LaunchScreen.storyboard; sourceTree = "<group>"; };
		8AB647CC265D0A1100B2F498 /* Info.plist */ = {isa = PBXFileReference; lastKnownFileType = text.plist.xml; path = Info.plist; sourceTree = "<group>"; };
		8ABB296B26828A6A009963FF /* Film.swift */ = {isa = PBXFileReference; lastKnownFileType = sourcecode.swift; path = Film.swift; sourceTree = "<group>"; };
		8ABB296E26828BA3009963FF /* Details.swift */ = {isa = PBXFileReference; lastKnownFileType = sourcecode.swift; path = Details.swift; sourceTree = "<group>"; };
		8ABDA0C62680E44600477D3D /* Category.swift */ = {isa = PBXFileReference; fileEncoding = 4; lastKnownFileType = sourcecode.swift; path = Category.swift; sourceTree = "<group>"; };
		FA077AA4273D23A70034634D /* Categories.json */ = {isa = PBXFileReference; fileEncoding = 4; lastKnownFileType = text.json; path = Categories.json; sourceTree = "<group>"; };
		FA077AA5273D23A70034634D /* Films.json */ = {isa = PBXFileReference; fileEncoding = 4; lastKnownFileType = text.json; path = Films.json; sourceTree = "<group>"; };
		FA077AA8273D2E3E0034634D /* MainUseCaseTests.swift */ = {isa = PBXFileReference; lastKnownFileType = sourcecode.swift; path = MainUseCaseTests.swift; sourceTree = "<group>"; };
		FA077AB0273D55720034634D /* NetworkServiceTests.swift */ = {isa = PBXFileReference; lastKnownFileType = sourcecode.swift; path = NetworkServiceTests.swift; sourceTree = "<group>"; };
		FA077AB3273D55AB0034634D /* URLProtocolMock.swift */ = {isa = PBXFileReference; lastKnownFileType = sourcecode.swift; path = URLProtocolMock.swift; sourceTree = "<group>"; };
		FA0D5564272D3DDD005CBFDB /* Detail+Bucket.swift */ = {isa = PBXFileReference; lastKnownFileType = sourcecode.swift; path = "Detail+Bucket.swift"; sourceTree = "<group>"; };
		FA11622C27158DB3004A3D2D /* UIImageView+Utils.swift */ = {isa = PBXFileReference; lastKnownFileType = sourcecode.swift; path = "UIImageView+Utils.swift"; sourceTree = "<group>"; };
		FA1162302715907E004A3D2D /* CategoryImageView.swift */ = {isa = PBXFileReference; lastKnownFileType = sourcecode.swift; path = CategoryImageView.swift; sourceTree = "<group>"; };
		FA1162322716D5FD004A3D2D /* CategoryLabel.swift */ = {isa = PBXFileReference; lastKnownFileType = sourcecode.swift; path = CategoryLabel.swift; sourceTree = "<group>"; };
		FA11623427172357004A3D2D /* SelectedItem.swift */ = {isa = PBXFileReference; lastKnownFileType = sourcecode.swift; path = SelectedItem.swift; sourceTree = "<group>"; };
		FA4742872714619B00C700BD /* Category+Assets.swift */ = {isa = PBXFileReference; lastKnownFileType = sourcecode.swift; path = "Category+Assets.swift"; sourceTree = "<group>"; };
		FA527AC7271ED57F00C56600 /* PeopleViewModel.swift */ = {isa = PBXFileReference; fileEncoding = 4; lastKnownFileType = sourcecode.swift; path = PeopleViewModel.swift; sourceTree = "<group>"; };
		FA527AC8271ED57F00C56600 /* FilmViewModel.swift */ = {isa = PBXFileReference; fileEncoding = 4; lastKnownFileType = sourcecode.swift; path = FilmViewModel.swift; sourceTree = "<group>"; };
		FA527AC9271ED57F00C56600 /* DetailViewModelFactory.swift */ = {isa = PBXFileReference; fileEncoding = 4; lastKnownFileType = sourcecode.swift; path = DetailViewModelFactory.swift; sourceTree = "<group>"; };
		FA527ACA271ED57F00C56600 /* DetailsViewModel.swift */ = {isa = PBXFileReference; fileEncoding = 4; lastKnownFileType = sourcecode.swift; path = DetailsViewModel.swift; sourceTree = "<group>"; };
		FA527ACB271ED57F00C56600 /* DetailsViewModelType.swift */ = {isa = PBXFileReference; fileEncoding = 4; lastKnownFileType = sourcecode.swift; path = DetailsViewModelType.swift; sourceTree = "<group>"; };
		FA527ACD271ED57F00C56600 /* DetailsViewController.xib */ = {isa = PBXFileReference; fileEncoding = 4; lastKnownFileType = file.xib; path = DetailsViewController.xib; sourceTree = "<group>"; };
		FA527ACF271ED57F00C56600 /* FilmCollectionViewCell.swift */ = {isa = PBXFileReference; fileEncoding = 4; lastKnownFileType = sourcecode.swift; path = FilmCollectionViewCell.swift; sourceTree = "<group>"; };
		FA527AD0271ED57F00C56600 /* DetailCollectionViewCell.swift */ = {isa = PBXFileReference; fileEncoding = 4; lastKnownFileType = sourcecode.swift; path = DetailCollectionViewCell.swift; sourceTree = "<group>"; };
		FA527AD1271ED57F00C56600 /* FilmCollectionViewCell.xib */ = {isa = PBXFileReference; fileEncoding = 4; lastKnownFileType = file.xib; path = FilmCollectionViewCell.xib; sourceTree = "<group>"; };
		FA527AD2271ED57F00C56600 /* DetailCollectionViewCell.xib */ = {isa = PBXFileReference; fileEncoding = 4; lastKnownFileType = file.xib; path = DetailCollectionViewCell.xib; sourceTree = "<group>"; };
		FA527AD3271ED57F00C56600 /* DetailsDisplayDataManager.swift */ = {isa = PBXFileReference; fileEncoding = 4; lastKnownFileType = sourcecode.swift; path = DetailsDisplayDataManager.swift; sourceTree = "<group>"; };
		FA527AD4271ED57F00C56600 /* DetailsViewController.swift */ = {isa = PBXFileReference; fileEncoding = 4; lastKnownFileType = sourcecode.swift; path = DetailsViewController.swift; sourceTree = "<group>"; };
		FA527AD6271ED57F00C56600 /* MainNavigator.swift */ = {isa = PBXFileReference; fileEncoding = 4; lastKnownFileType = sourcecode.swift; path = MainNavigator.swift; sourceTree = "<group>"; };
		FA527AD7271ED57F00C56600 /* MainViewController.xib */ = {isa = PBXFileReference; fileEncoding = 4; lastKnownFileType = file.xib; path = MainViewController.xib; sourceTree = "<group>"; };
		FA527AD8271ED57F00C56600 /* MainFlowCoordinator.swift */ = {isa = PBXFileReference; fileEncoding = 4; lastKnownFileType = sourcecode.swift; path = MainFlowCoordinator.swift; sourceTree = "<group>"; };
		FA527AD9271ED57F00C56600 /* MainViewController.swift */ = {isa = PBXFileReference; fileEncoding = 4; lastKnownFileType = sourcecode.swift; path = MainViewController.swift; sourceTree = "<group>"; };
		FA527ADC271ED57F00C56600 /* CategoriesViewModel.swift */ = {isa = PBXFileReference; fileEncoding = 4; lastKnownFileType = sourcecode.swift; path = CategoriesViewModel.swift; sourceTree = "<group>"; };
		FA527ADD271ED57F00C56600 /* CategoryViewModel.swift */ = {isa = PBXFileReference; fileEncoding = 4; lastKnownFileType = sourcecode.swift; path = CategoryViewModel.swift; sourceTree = "<group>"; };
		FA527ADE271ED57F00C56600 /* CategoriesViewModelType.swift */ = {isa = PBXFileReference; fileEncoding = 4; lastKnownFileType = sourcecode.swift; path = CategoriesViewModelType.swift; sourceTree = "<group>"; };
		FA527ADF271ED57F00C56600 /* CategoriesViewController.xib */ = {isa = PBXFileReference; fileEncoding = 4; lastKnownFileType = file.xib; path = CategoriesViewController.xib; sourceTree = "<group>"; };
		FA527AE0271ED57F00C56600 /* CategoriesViewController.swift */ = {isa = PBXFileReference; fileEncoding = 4; lastKnownFileType = sourcecode.swift; path = CategoriesViewController.swift; sourceTree = "<group>"; };
		FA527AE2271ED57F00C56600 /* CategoryCollectionViewCell.swift */ = {isa = PBXFileReference; fileEncoding = 4; lastKnownFileType = sourcecode.swift; path = CategoryCollectionViewCell.swift; sourceTree = "<group>"; };
		FA527AE3271ED57F00C56600 /* CategoryCollectionViewCell.xib */ = {isa = PBXFileReference; fileEncoding = 4; lastKnownFileType = file.xib; path = CategoryCollectionViewCell.xib; sourceTree = "<group>"; };
		FA527AE4271ED57F00C56600 /* CategoriesDisplayDataManager.swift */ = {isa = PBXFileReference; fileEncoding = 4; lastKnownFileType = sourcecode.swift; path = CategoriesDisplayDataManager.swift; sourceTree = "<group>"; };
		FA527B01271ED5B800C56600 /* NetworkServiceType.swift */ = {isa = PBXFileReference; fileEncoding = 4; lastKnownFileType = sourcecode.swift; path = NetworkServiceType.swift; sourceTree = "<group>"; };
		FA527B02271ED5B800C56600 /* NetworkService.swift */ = {isa = PBXFileReference; fileEncoding = 4; lastKnownFileType = sourcecode.swift; path = NetworkService.swift; sourceTree = "<group>"; };
		FA527B03271ED5B800C56600 /* Resource.swift */ = {isa = PBXFileReference; fileEncoding = 4; lastKnownFileType = sourcecode.swift; path = Resource.swift; sourceTree = "<group>"; };
		FA527B04271ED5B800C56600 /* ServicesProvider.swift */ = {isa = PBXFileReference; fileEncoding = 4; lastKnownFileType = sourcecode.swift; path = ServicesProvider.swift; sourceTree = "<group>"; };
		FA527B0C271F11A300C56600 /* Planet.swift */ = {isa = PBXFileReference; lastKnownFileType = sourcecode.swift; path = Planet.swift; sourceTree = "<group>"; };
		FA7E8901272BD33800220980 /* ImageLoaderService.swift */ = {isa = PBXFileReference; lastKnownFileType = sourcecode.swift; path = ImageLoaderService.swift; sourceTree = "<group>"; };
		FA7E8903272BD3BC00220980 /* ImageLoaderServiceType.swift */ = {isa = PBXFileReference; lastKnownFileType = sourcecode.swift; path = ImageLoaderServiceType.swift; sourceTree = "<group>"; };
		FA7E8906272BE1CF00220980 /* GoogleService-Info.plist */ = {isa = PBXFileReference; fileEncoding = 4; lastKnownFileType = text.plist.xml; path = "GoogleService-Info.plist"; sourceTree = "<group>"; };
		FA7E8908272BEFC500220980 /* ImageCache.swift */ = {isa = PBXFileReference; lastKnownFileType = sourcecode.swift; path = ImageCache.swift; sourceTree = "<group>"; };
		FA84F8D226F8EF28000DB2F1 /* UseCaseError.swift */ = {isa = PBXFileReference; lastKnownFileType = sourcecode.swift; path = UseCaseError.swift; sourceTree = "<group>"; };
		FA84F8D426F8F5C8000DB2F1 /* Сharacter.swift */ = {isa = PBXFileReference; lastKnownFileType = sourcecode.swift; path = "Сharacter.swift"; sourceTree = "<group>"; };
		FA9E499A26EF669A00D20BA0 /* Detailable.swift */ = {isa = PBXFileReference; lastKnownFileType = sourcecode.swift; path = Detailable.swift; sourceTree = "<group>"; };
		FA9E49A326EF8C5A00D20BA0 /* Scheduler.swift */ = {isa = PBXFileReference; lastKnownFileType = sourcecode.swift; path = Scheduler.swift; sourceTree = "<group>"; };
		FAAABB57271049140029C6CE /* StarsView.swift */ = {isa = PBXFileReference; lastKnownFileType = sourcecode.swift; path = StarsView.swift; sourceTree = "<group>"; };
		FAAABB5A271062BC0029C6CE /* StarsParalaxView.swift */ = {isa = PBXFileReference; lastKnownFileType = sourcecode.swift; path = StarsParalaxView.swift; sourceTree = "<group>"; };
		FAAABB5C27108C130029C6CE /* UIViewController+Utils.swift */ = {isa = PBXFileReference; lastKnownFileType = sourcecode.swift; path = "UIViewController+Utils.swift"; sourceTree = "<group>"; };
		FAB114B926DE0FAA00ECE682 /* MainUseCaseType.swift */ = {isa = PBXFileReference; lastKnownFileType = sourcecode.swift; path = MainUseCaseType.swift; sourceTree = "<group>"; };
		FAB114BB26DE123700ECE682 /* ApplicationFlowCoordinator.swift */ = {isa = PBXFileReference; lastKnownFileType = sourcecode.swift; path = ApplicationFlowCoordinator.swift; sourceTree = "<group>"; };
		FAB114C026DE135000ECE682 /* ApplicationFlowCoordinatorDependencyProvider.swift */ = {isa = PBXFileReference; lastKnownFileType = sourcecode.swift; path = ApplicationFlowCoordinatorDependencyProvider.swift; sourceTree = "<group>"; };
		FAB114CA26DE16AA00ECE682 /* ApplicationComponentsFactory.swift */ = {isa = PBXFileReference; lastKnownFileType = sourcecode.swift; path = ApplicationComponentsFactory.swift; sourceTree = "<group>"; };
		FAB114DE26DE51E800ECE682 /* Resource+Category.swift */ = {isa = PBXFileReference; lastKnownFileType = sourcecode.swift; path = "Resource+Category.swift"; sourceTree = "<group>"; };
		FAB114E026DE537100ECE682 /* APIConstants.swift */ = {isa = PBXFileReference; lastKnownFileType = sourcecode.swift; path = APIConstants.swift; sourceTree = "<group>"; };
		FAB114E226DE571400ECE682 /* Categories.swift */ = {isa = PBXFileReference; lastKnownFileType = sourcecode.swift; path = Categories.swift; sourceTree = "<group>"; };
		FAB114E626DE632C00ECE682 /* Publisher+Utils.swift */ = {isa = PBXFileReference; lastKnownFileType = sourcecode.swift; path = "Publisher+Utils.swift"; sourceTree = "<group>"; };
		FAB114E826DE65C900ECE682 /* FlowCoordinator.swift */ = {isa = PBXFileReference; lastKnownFileType = sourcecode.swift; path = FlowCoordinator.swift; sourceTree = "<group>"; };
		FAB344CE273A7351000EEDC9 /* CategoryGradientView.swift */ = {isa = PBXFileReference; fileEncoding = 4; lastKnownFileType = sourcecode.swift; path = CategoryGradientView.swift; sourceTree = "<group>"; };
		FAB344FF273BCD25000EEDC9 /* StarWarsBrowserUnitTests.xctest */ = {isa = PBXFileReference; explicitFileType = wrapper.cfbundle; includeInIndex = 0; path = StarWarsBrowserUnitTests.xctest; sourceTree = BUILT_PRODUCTS_DIR; };
		FAB34508273BCD39000EEDC9 /* ApplicationFlowCoordinatorTests.swift */ = {isa = PBXFileReference; lastKnownFileType = sourcecode.swift; path = ApplicationFlowCoordinatorTests.swift; sourceTree = "<group>"; };
		FAB3450A273BCD79000EEDC9 /* AllMocks.swift */ = {isa = PBXFileReference; lastKnownFileType = sourcecode.swift; path = AllMocks.swift; sourceTree = "<group>"; };
		FAB3450C273BD4BD000EEDC9 /* DetailsViewModelTests.swift */ = {isa = PBXFileReference; lastKnownFileType = sourcecode.swift; path = DetailsViewModelTests.swift; sourceTree = "<group>"; };
		FAB3450E273BD922000EEDC9 /* CategoriesViewModelTests.swift */ = {isa = PBXFileReference; lastKnownFileType = sourcecode.swift; path = CategoriesViewModelTests.swift; sourceTree = "<group>"; };
		FAB34510273BE003000EEDC9 /* XCTestCase+Utils.swift */ = {isa = PBXFileReference; lastKnownFileType = sourcecode.swift; path = "XCTestCase+Utils.swift"; sourceTree = "<group>"; };
		FAB80C6E273018F900A54148 /* Resource+Detail.swift */ = {isa = PBXFileReference; lastKnownFileType = sourcecode.swift; path = "Resource+Detail.swift"; sourceTree = "<group>"; };
		FABCD170271D7316002BFEFC /* PagingCollectionViewLayout.swift */ = {isa = PBXFileReference; lastKnownFileType = sourcecode.swift; path = PagingCollectionViewLayout.swift; sourceTree = "<group>"; };
		FABCD173271DB594002BFEFC /* DetailsBackgroundView.swift */ = {isa = PBXFileReference; lastKnownFileType = sourcecode.swift; path = DetailsBackgroundView.swift; sourceTree = "<group>"; };
		FABCD177271DC955002BFEFC /* String+Utils.swift */ = {isa = PBXFileReference; lastKnownFileType = sourcecode.swift; path = "String+Utils.swift"; sourceTree = "<group>"; };
		FAD99EB62729358200297AC7 /* DetailsViewController+CollectionViewDelegate.swift */ = {isa = PBXFileReference; lastKnownFileType = sourcecode.swift; path = "DetailsViewController+CollectionViewDelegate.swift"; sourceTree = "<group>"; };
		FADF79F926BE558700D8F126 /* AlertController+Utils.swift */ = {isa = PBXFileReference; lastKnownFileType = sourcecode.swift; path = "AlertController+Utils.swift"; sourceTree = "<group>"; };
		FAECFBF2272003F7001BA223 /* PlanetViewModel.swift */ = {isa = PBXFileReference; lastKnownFileType = sourcecode.swift; path = PlanetViewModel.swift; sourceTree = "<group>"; };
/* End PBXFileReference section */

/* Begin PBXFrameworksBuildPhase section */
		8AB647B8265D0A0D00B2F498 /* Frameworks */ = {
			isa = PBXFrameworksBuildPhase;
			buildActionMask = 2147483647;
			files = (
				FA7E8900272BD2D900220980 /* FirebaseStorageCombine-Community in Frameworks */,
			);
			runOnlyForDeploymentPostprocessing = 0;
		};
		FAB344FC273BCD25000EEDC9 /* Frameworks */ = {
			isa = PBXFrameworksBuildPhase;
			buildActionMask = 2147483647;
			files = (
			);
			runOnlyForDeploymentPostprocessing = 0;
		};
/* End PBXFrameworksBuildPhase section */

/* Begin PBXGroup section */
		8AB647B2265D0A0D00B2F498 = {
			isa = PBXGroup;
			children = (
				8AB647BD265D0A0D00B2F498 /* StarWarsBrowser */,
				FAB34500273BCD25000EEDC9 /* StarWarsBrowserUnitTests */,
				8AB647BC265D0A0D00B2F498 /* Products */,
			);
			sourceTree = "<group>";
		};
		8AB647BC265D0A0D00B2F498 /* Products */ = {
			isa = PBXGroup;
			children = (
				8AB647BB265D0A0D00B2F498 /* StarWarsBrowser.app */,
				FAB344FF273BCD25000EEDC9 /* StarWarsBrowserUnitTests.xctest */,
			);
			name = Products;
			sourceTree = "<group>";
		};
		8AB647BD265D0A0D00B2F498 /* StarWarsBrowser */ = {
			isa = PBXGroup;
			children = (
				8AB647BE265D0A0D00B2F498 /* AppDelegate.swift */,
				8AB647C0265D0A0D00B2F498 /* SceneDelegate.swift */,
				FAB114BD26DE124400ECE682 /* Application */,
				FAB114DD26DE51C400ECE682 /* UseCase */,
				FA527AFE271ED5B700C56600 /* Services */,
				FA527AC4271ED57F00C56600 /* Screens */,
				8ABDA0C42680E44600477D3D /* Entities */,
				FAB114DC26DE503300ECE682 /* Utils */,
				FA4742892714955200C700BD /* Assets */,
				8AB647C7265D0A1100B2F498 /* Assets.xcassets */,
				8AB647C9265D0A1100B2F498 /* LaunchScreen.storyboard */,
				8AB647CC265D0A1100B2F498 /* Info.plist */,
				FA7E8906272BE1CF00220980 /* GoogleService-Info.plist */,
			);
			path = StarWarsBrowser;
			sourceTree = "<group>";
		};
		8ABDA0C42680E44600477D3D /* Entities */ = {
			isa = PBXGroup;
			children = (
				FA527B15271F123800C56600 /* Category */,
				FA84F8D826F9B383000DB2F1 /* Detail */,
				FA527B16271F124500C56600 /* Other */,
			);
			path = Entities;
			sourceTree = "<group>";
		};
		FA077AA3273D23A70034634D /* Responses */ = {
			isa = PBXGroup;
			children = (
				FA077AA4273D23A70034634D /* Categories.json */,
				FA077AA5273D23A70034634D /* Films.json */,
			);
			path = Responses;
			sourceTree = "<group>";
		};
		FA077AAE273D4E130034634D /* Categories */ = {
			isa = PBXGroup;
			children = (
				FAB114DE26DE51E800ECE682 /* Resource+Category.swift */,
			);
			path = Categories;
			sourceTree = "<group>";
		};
		FA077AAF273D4E1F0034634D /* Details */ = {
			isa = PBXGroup;
			children = (
				FAB80C6E273018F900A54148 /* Resource+Detail.swift */,
				FA0D5564272D3DDD005CBFDB /* Detail+Bucket.swift */,
			);
			path = Details;
			sourceTree = "<group>";
		};
		FA077AB2273D55960034634D /* Mocks */ = {
			isa = PBXGroup;
			children = (
				FA077AB3273D55AB0034634D /* URLProtocolMock.swift */,
				FAB3450A273BCD79000EEDC9 /* AllMocks.swift */,
			);
			path = Mocks;
			sourceTree = "<group>";
		};
		FA11622E27159062004A3D2D /* Views */ = {
			isa = PBXGroup;
			children = (
				FAAABB57271049140029C6CE /* StarsView.swift */,
				FAAABB5A271062BC0029C6CE /* StarsParalaxView.swift */,
			);
			path = Views;
			sourceTree = "<group>";
		};
		FA11622F2715906D004A3D2D /* Views */ = {
			isa = PBXGroup;
			children = (
				FAB344CE273A7351000EEDC9 /* CategoryGradientView.swift */,
				FA1162302715907E004A3D2D /* CategoryImageView.swift */,
				FA1162322716D5FD004A3D2D /* CategoryLabel.swift */,
			);
			path = Views;
			sourceTree = "<group>";
		};
		FA4742892714955200C700BD /* Assets */ = {
			isa = PBXGroup;
			children = (
				FA4742872714619B00C700BD /* Category+Assets.swift */,
			);
			path = Assets;
			sourceTree = "<group>";
		};
		FA4C21ED273A71F200D2A3ED /* Views */ = {
			isa = PBXGroup;
			children = (
				FABCD173271DB594002BFEFC /* DetailsBackgroundView.swift */,
			);
			path = Views;
			sourceTree = "<group>";
		};
		FA527AC4271ED57F00C56600 /* Screens */ = {
			isa = PBXGroup;
			children = (
				FA527AC5271ED57F00C56600 /* Details */,
				FA527AD5271ED57F00C56600 /* Main */,
				FA527ADA271ED57F00C56600 /* Categories */,
			);
			path = Screens;
			sourceTree = "<group>";
		};
		FA527AC5271ED57F00C56600 /* Details */ = {
			isa = PBXGroup;
			children = (
				FA527ACD271ED57F00C56600 /* DetailsViewController.xib */,
				FA527AD4271ED57F00C56600 /* DetailsViewController.swift */,
				FAD99EB62729358200297AC7 /* DetailsViewController+CollectionViewDelegate.swift */,
				FA527AD3271ED57F00C56600 /* DetailsDisplayDataManager.swift */,
				FABCD170271D7316002BFEFC /* PagingCollectionViewLayout.swift */,
				FA527AC6271ED57F00C56600 /* ViewModel */,
				FA527ACE271ED57F00C56600 /* Cell */,
			);
			path = Details;
			sourceTree = "<group>";
		};
		FA527AC6271ED57F00C56600 /* ViewModel */ = {
			isa = PBXGroup;
			children = (
				FA527ACA271ED57F00C56600 /* DetailsViewModel.swift */,
				FA527ACB271ED57F00C56600 /* DetailsViewModelType.swift */,
				FA7E88FB272AC6FE00220980 /* DetailsViewModel */,
				FA527AC9271ED57F00C56600 /* DetailViewModelFactory.swift */,
			);
			path = ViewModel;
			sourceTree = "<group>";
		};
		FA527ACE271ED57F00C56600 /* Cell */ = {
			isa = PBXGroup;
			children = (
				FA4C21ED273A71F200D2A3ED /* Views */,
				FA527ACF271ED57F00C56600 /* FilmCollectionViewCell.swift */,
				FA527AD1271ED57F00C56600 /* FilmCollectionViewCell.xib */,
				FA527AD0271ED57F00C56600 /* DetailCollectionViewCell.swift */,
				FA527AD2271ED57F00C56600 /* DetailCollectionViewCell.xib */,
			);
			path = Cell;
			sourceTree = "<group>";
		};
		FA527AD5271ED57F00C56600 /* Main */ = {
			isa = PBXGroup;
			children = (
				FA11622E27159062004A3D2D /* Views */,
				FA527AD6271ED57F00C56600 /* MainNavigator.swift */,
				FA527AD7271ED57F00C56600 /* MainViewController.xib */,
				FA527AD8271ED57F00C56600 /* MainFlowCoordinator.swift */,
				FA527AD9271ED57F00C56600 /* MainViewController.swift */,
			);
			path = Main;
			sourceTree = "<group>";
		};
		FA527ADA271ED57F00C56600 /* Categories */ = {
			isa = PBXGroup;
			children = (
				FA527ADB271ED57F00C56600 /* ViewModel */,
				FA527ADF271ED57F00C56600 /* CategoriesViewController.xib */,
				FA527AE0271ED57F00C56600 /* CategoriesViewController.swift */,
				FA527AE1271ED57F00C56600 /* Cell */,
				FA527AE4271ED57F00C56600 /* CategoriesDisplayDataManager.swift */,
			);
			path = Categories;
			sourceTree = "<group>";
		};
		FA527ADB271ED57F00C56600 /* ViewModel */ = {
			isa = PBXGroup;
			children = (
				FA527ADC271ED57F00C56600 /* CategoriesViewModel.swift */,
				FA527ADD271ED57F00C56600 /* CategoryViewModel.swift */,
				FA527ADE271ED57F00C56600 /* CategoriesViewModelType.swift */,
			);
			path = ViewModel;
			sourceTree = "<group>";
		};
		FA527AE1271ED57F00C56600 /* Cell */ = {
			isa = PBXGroup;
			children = (
				FA527AE2271ED57F00C56600 /* CategoryCollectionViewCell.swift */,
				FA527AE3271ED57F00C56600 /* CategoryCollectionViewCell.xib */,
				FA11622F2715906D004A3D2D /* Views */,
			);
			path = Cell;
			sourceTree = "<group>";
		};
		FA527AFE271ED5B700C56600 /* Services */ = {
			isa = PBXGroup;
			children = (
				FA527B04271ED5B800C56600 /* ServicesProvider.swift */,
				FA527B00271ED5B800C56600 /* Network Service */,
				FA7E8905272BD3C300220980 /* Image Loader Service */,
			);
			path = Services;
			sourceTree = "<group>";
		};
		FA527B00271ED5B800C56600 /* Network Service */ = {
			isa = PBXGroup;
			children = (
				FA527B01271ED5B800C56600 /* NetworkServiceType.swift */,
				FA527B02271ED5B800C56600 /* NetworkService.swift */,
				FA527B03271ED5B800C56600 /* Resource.swift */,
			);
			path = "Network Service";
			sourceTree = "<group>";
		};
		FA527B15271F123800C56600 /* Category */ = {
			isa = PBXGroup;
			children = (
				FAB114E226DE571400ECE682 /* Categories.swift */,
				8ABDA0C62680E44600477D3D /* Category.swift */,
			);
			path = Category;
			sourceTree = "<group>";
		};
		FA527B16271F124500C56600 /* Other */ = {
			isa = PBXGroup;
			children = (
				FA11623427172357004A3D2D /* SelectedItem.swift */,
			);
			path = Other;
			sourceTree = "<group>";
		};
		FA7E88FB272AC6FE00220980 /* DetailsViewModel */ = {
			isa = PBXGroup;
			children = (
				FA527AC8271ED57F00C56600 /* FilmViewModel.swift */,
				FA527AC7271ED57F00C56600 /* PeopleViewModel.swift */,
				FAECFBF2272003F7001BA223 /* PlanetViewModel.swift */,
			);
			path = DetailsViewModel;
			sourceTree = "<group>";
		};
		FA7E8905272BD3C300220980 /* Image Loader Service */ = {
			isa = PBXGroup;
			children = (
				FA7E8901272BD33800220980 /* ImageLoaderService.swift */,
				FA7E8903272BD3BC00220980 /* ImageLoaderServiceType.swift */,
				FA7E8908272BEFC500220980 /* ImageCache.swift */,
			);
			path = "Image Loader Service";
			sourceTree = "<group>";
		};
		FA84F8D826F9B383000DB2F1 /* Detail */ = {
			isa = PBXGroup;
			children = (
				8ABB296E26828BA3009963FF /* Details.swift */,
				FA9E499A26EF669A00D20BA0 /* Detailable.swift */,
				8ABB296B26828A6A009963FF /* Film.swift */,
				FA84F8D426F8F5C8000DB2F1 /* Сharacter.swift */,
				FA527B0C271F11A300C56600 /* Planet.swift */,
			);
			path = Detail;
			sourceTree = "<group>";
		};
		FAB114BD26DE124400ECE682 /* Application */ = {
			isa = PBXGroup;
			children = (
				FAB114BB26DE123700ECE682 /* ApplicationFlowCoordinator.swift */,
				FAB114C026DE135000ECE682 /* ApplicationFlowCoordinatorDependencyProvider.swift */,
				FAB114CA26DE16AA00ECE682 /* ApplicationComponentsFactory.swift */,
				FAB114E826DE65C900ECE682 /* FlowCoordinator.swift */,
			);
			path = Application;
			sourceTree = "<group>";
		};
		FAB114DC26DE503300ECE682 /* Utils */ = {
			isa = PBXGroup;
			children = (
				FAB114E626DE632C00ECE682 /* Publisher+Utils.swift */,
				FAAABB5C27108C130029C6CE /* UIViewController+Utils.swift */,
				FA11622C27158DB3004A3D2D /* UIImageView+Utils.swift */,
				FABCD177271DC955002BFEFC /* String+Utils.swift */,
				FADF79F926BE558700D8F126 /* AlertController+Utils.swift */,
				FA9E49A326EF8C5A00D20BA0 /* Scheduler.swift */,
			);
			path = Utils;
			sourceTree = "<group>";
		};
		FAB114DD26DE51C400ECE682 /* UseCase */ = {
			isa = PBXGroup;
			children = (
				FAB114B926DE0FAA00ECE682 /* MainUseCaseType.swift */,
				FA077AAE273D4E130034634D /* Categories */,
				FA077AAF273D4E1F0034634D /* Details */,
				FAB114E026DE537100ECE682 /* APIConstants.swift */,
				FA84F8D226F8EF28000DB2F1 /* UseCaseError.swift */,
			);
			path = UseCase;
			sourceTree = "<group>";
		};
		FAB34500273BCD25000EEDC9 /* StarWarsBrowserUnitTests */ = {
			isa = PBXGroup;
			children = (
				FAB34508273BCD39000EEDC9 /* ApplicationFlowCoordinatorTests.swift */,
				FA077AA8273D2E3E0034634D /* MainUseCaseTests.swift */,
				FAB3450E273BD922000EEDC9 /* CategoriesViewModelTests.swift */,
				FAB3450C273BD4BD000EEDC9 /* DetailsViewModelTests.swift */,
				FA077AB0273D55720034634D /* NetworkServiceTests.swift */,
				FA077AB2273D55960034634D /* Mocks */,
				FAB34512273BE007000EEDC9 /* Utils */,
				FA077AA3273D23A70034634D /* Responses */,
			);
			path = StarWarsBrowserUnitTests;
			sourceTree = "<group>";
		};
		FAB34512273BE007000EEDC9 /* Utils */ = {
			isa = PBXGroup;
			children = (
				FAB34510273BE003000EEDC9 /* XCTestCase+Utils.swift */,
			);
			path = Utils;
			sourceTree = "<group>";
		};
/* End PBXGroup section */

/* Begin PBXNativeTarget section */
		8AB647BA265D0A0D00B2F498 /* StarWarsBrowser */ = {
			isa = PBXNativeTarget;
			buildConfigurationList = 8AB647CF265D0A1100B2F498 /* Build configuration list for PBXNativeTarget "StarWarsBrowser" */;
			buildPhases = (
				8AB647B7265D0A0D00B2F498 /* Sources */,
				8AB647B8265D0A0D00B2F498 /* Frameworks */,
				8AB647B9265D0A0D00B2F498 /* Resources */,
			);
			buildRules = (
			);
			dependencies = (
			);
			name = StarWarsBrowser;
			packageProductDependencies = (
				FA7E88FF272BD2D900220980 /* FirebaseStorageCombine-Community */,
			);
			productName = StarWarsBrowser;
			productReference = 8AB647BB265D0A0D00B2F498 /* StarWarsBrowser.app */;
			productType = "com.apple.product-type.application";
		};
		FAB344FE273BCD25000EEDC9 /* StarWarsBrowserUnitTests */ = {
			isa = PBXNativeTarget;
			buildConfigurationList = FAB34505273BCD25000EEDC9 /* Build configuration list for PBXNativeTarget "StarWarsBrowserUnitTests" */;
			buildPhases = (
				FAB344FB273BCD25000EEDC9 /* Sources */,
				FAB344FC273BCD25000EEDC9 /* Frameworks */,
				FAB344FD273BCD25000EEDC9 /* Resources */,
			);
			buildRules = (
			);
			dependencies = (
				FAB34504273BCD25000EEDC9 /* PBXTargetDependency */,
			);
			name = StarWarsBrowserUnitTests;
			productName = StarWarsBrowserUnitTests;
			productReference = FAB344FF273BCD25000EEDC9 /* StarWarsBrowserUnitTests.xctest */;
			productType = "com.apple.product-type.bundle.unit-test";
		};
/* End PBXNativeTarget section */

/* Begin PBXProject section */
		8AB647B3265D0A0D00B2F498 /* Project object */ = {
			isa = PBXProject;
			attributes = {
				LastSwiftUpdateCheck = 1300;
				LastUpgradeCheck = 1240;
				TargetAttributes = {
					8AB647BA265D0A0D00B2F498 = {
						CreatedOnToolsVersion = 12.4;
					};
					FAB344FE273BCD25000EEDC9 = {
						CreatedOnToolsVersion = 13.0;
						TestTargetID = 8AB647BA265D0A0D00B2F498;
					};
				};
			};
			buildConfigurationList = 8AB647B6265D0A0D00B2F498 /* Build configuration list for PBXProject "StarWarsBrowser" */;
			compatibilityVersion = "Xcode 9.3";
			developmentRegion = en;
			hasScannedForEncodings = 0;
			knownRegions = (
				en,
				Base,
			);
			mainGroup = 8AB647B2265D0A0D00B2F498;
			packageReferences = (
				FA7E88FE272BD2D900220980 /* XCRemoteSwiftPackageReference "firebase-ios-sdk" */,
			);
			productRefGroup = 8AB647BC265D0A0D00B2F498 /* Products */;
			projectDirPath = "";
			projectRoot = "";
			targets = (
				8AB647BA265D0A0D00B2F498 /* StarWarsBrowser */,
				FAB344FE273BCD25000EEDC9 /* StarWarsBrowserUnitTests */,
			);
		};
/* End PBXProject section */

/* Begin PBXResourcesBuildPhase section */
		8AB647B9265D0A0D00B2F498 /* Resources */ = {
			isa = PBXResourcesBuildPhase;
			buildActionMask = 2147483647;
			files = (
				8AB647CB265D0A1100B2F498 /* LaunchScreen.storyboard in Resources */,
				FA527AF3271ED57F00C56600 /* MainViewController.xib in Resources */,
				FA7E8907272BE1CF00220980 /* GoogleService-Info.plist in Resources */,
				FA527AF9271ED57F00C56600 /* CategoriesViewController.xib in Resources */,
				8AB647C8265D0A1100B2F498 /* Assets.xcassets in Resources */,
				FA527AFC271ED57F00C56600 /* CategoryCollectionViewCell.xib in Resources */,
				FA527AEE271ED57F00C56600 /* FilmCollectionViewCell.xib in Resources */,
				FA527AEB271ED57F00C56600 /* DetailsViewController.xib in Resources */,
				FA527AEF271ED57F00C56600 /* DetailCollectionViewCell.xib in Resources */,
			);
			runOnlyForDeploymentPostprocessing = 0;
		};
		FAB344FD273BCD25000EEDC9 /* Resources */ = {
			isa = PBXResourcesBuildPhase;
			buildActionMask = 2147483647;
			files = (
				FA077AA6273D23A70034634D /* Categories.json in Resources */,
				FA077AA7273D23A70034634D /* Films.json in Resources */,
			);
			runOnlyForDeploymentPostprocessing = 0;
		};
/* End PBXResourcesBuildPhase section */

/* Begin PBXSourcesBuildPhase section */
		8AB647B7265D0A0D00B2F498 /* Sources */ = {
			isa = PBXSourcesBuildPhase;
			buildActionMask = 2147483647;
			files = (
				FAB114DF26DE51E800ECE682 /* Resource+Category.swift in Sources */,
				FA527B0D271F11A300C56600 /* Planet.swift in Sources */,
				FA527AE7271ED57F00C56600 /* DetailViewModelFactory.swift in Sources */,
				FA527AF8271ED57F00C56600 /* CategoriesViewModelType.swift in Sources */,
				FA9E49A426EF8C5A00D20BA0 /* Scheduler.swift in Sources */,
				FA527AED271ED57F00C56600 /* DetailCollectionViewCell.swift in Sources */,
				FAECFBF3272003F7001BA223 /* PlanetViewModel.swift in Sources */,
				FAAABB58271049140029C6CE /* StarsView.swift in Sources */,
				FAB114BA26DE0FAA00ECE682 /* MainUseCaseType.swift in Sources */,
				FA527AFB271ED57F00C56600 /* CategoryCollectionViewCell.swift in Sources */,
				FABCD178271DC955002BFEFC /* String+Utils.swift in Sources */,
				FA527AF1271ED57F00C56600 /* DetailsViewController.swift in Sources */,
				FA527AF2271ED57F00C56600 /* MainNavigator.swift in Sources */,
				FA11623527172357004A3D2D /* SelectedItem.swift in Sources */,
				FAB114BC26DE123700ECE682 /* ApplicationFlowCoordinator.swift in Sources */,
				FA527AE8271ED57F00C56600 /* DetailsViewModel.swift in Sources */,
				FAAABB5D27108C130029C6CE /* UIViewController+Utils.swift in Sources */,
				FA9E499B26EF669A00D20BA0 /* Detailable.swift in Sources */,
				FA84F8D326F8EF28000DB2F1 /* UseCaseError.swift in Sources */,
				FAB344CF273A7351000EEDC9 /* CategoryGradientView.swift in Sources */,
				FA527B09271ED5B800C56600 /* ServicesProvider.swift in Sources */,
				FAB114CB26DE16AA00ECE682 /* ApplicationComponentsFactory.swift in Sources */,
				8ABB296C26828A6B009963FF /* Film.swift in Sources */,
				FAB114E726DE632C00ECE682 /* Publisher+Utils.swift in Sources */,
				FAB114E326DE571400ECE682 /* Categories.swift in Sources */,
				FA1162332716D5FD004A3D2D /* CategoryLabel.swift in Sources */,
				FA527AF5271ED57F00C56600 /* MainViewController.swift in Sources */,
				FADF79FA26BE558700D8F126 /* AlertController+Utils.swift in Sources */,
				FAB114E126DE537100ECE682 /* APIConstants.swift in Sources */,
				FA527AE6271ED57F00C56600 /* FilmViewModel.swift in Sources */,
				FAB114E926DE65C900ECE682 /* FlowCoordinator.swift in Sources */,
				FA7E8909272BEFC500220980 /* ImageCache.swift in Sources */,
				FA527B06271ED5B800C56600 /* NetworkServiceType.swift in Sources */,
				FA527AFD271ED57F00C56600 /* CategoriesDisplayDataManager.swift in Sources */,
				FA527B07271ED5B800C56600 /* NetworkService.swift in Sources */,
				FA4742882714619B00C700BD /* Category+Assets.swift in Sources */,
				FA1162312715907E004A3D2D /* CategoryImageView.swift in Sources */,
				8ABDA0C82680E44600477D3D /* Category.swift in Sources */,
				FA7E8904272BD3BD00220980 /* ImageLoaderServiceType.swift in Sources */,
				FABCD171271D7316002BFEFC /* PagingCollectionViewLayout.swift in Sources */,
				8AB647BF265D0A0D00B2F498 /* AppDelegate.swift in Sources */,
				FA0D5565272D3DDD005CBFDB /* Detail+Bucket.swift in Sources */,
				8ABB296F26828BA3009963FF /* Details.swift in Sources */,
				FA527B08271ED5B800C56600 /* Resource.swift in Sources */,
				8AB647C1265D0A0D00B2F498 /* SceneDelegate.swift in Sources */,
				FA527AF6271ED57F00C56600 /* CategoriesViewModel.swift in Sources */,
				FA527AE5271ED57F00C56600 /* PeopleViewModel.swift in Sources */,
				FA7E8902272BD33800220980 /* ImageLoaderService.swift in Sources */,
				FA527AE9271ED57F00C56600 /* DetailsViewModelType.swift in Sources */,
				FA11622D27158DB3004A3D2D /* UIImageView+Utils.swift in Sources */,
				FA527AEC271ED57F00C56600 /* FilmCollectionViewCell.swift in Sources */,
				FAB80C6F273018F900A54148 /* Resource+Detail.swift in Sources */,
				FA527AF0271ED57F00C56600 /* DetailsDisplayDataManager.swift in Sources */,
				FABCD174271DB594002BFEFC /* DetailsBackgroundView.swift in Sources */,
				FA527AF4271ED57F00C56600 /* MainFlowCoordinator.swift in Sources */,
				FAAABB5B271062BC0029C6CE /* StarsParalaxView.swift in Sources */,
				FA84F8D526F8F5C8000DB2F1 /* Сharacter.swift in Sources */,
				FA527AF7271ED57F00C56600 /* CategoryViewModel.swift in Sources */,
				FAD99EB72729358200297AC7 /* DetailsViewController+CollectionViewDelegate.swift in Sources */,
				FA527AFA271ED57F00C56600 /* CategoriesViewController.swift in Sources */,
				FAB114C126DE135000ECE682 /* ApplicationFlowCoordinatorDependencyProvider.swift in Sources */,
			);
			runOnlyForDeploymentPostprocessing = 0;
		};
		FAB344FB273BCD25000EEDC9 /* Sources */ = {
			isa = PBXSourcesBuildPhase;
			buildActionMask = 2147483647;
			files = (
				FAB3450D273BD4BD000EEDC9 /* DetailsViewModelTests.swift in Sources */,
				FA077AB1273D55720034634D /* NetworkServiceTests.swift in Sources */,
				FAB34509273BCD39000EEDC9 /* ApplicationFlowCoordinatorTests.swift in Sources */,
				FAB3450F273BD922000EEDC9 /* CategoriesViewModelTests.swift in Sources */,
				FAB3450B273BCD79000EEDC9 /* AllMocks.swift in Sources */,
				FA077AB4273D55AB0034634D /* URLProtocolMock.swift in Sources */,
				FA077AA9273D2E3E0034634D /* MainUseCaseTests.swift in Sources */,
				FAB34511273BE003000EEDC9 /* XCTestCase+Utils.swift in Sources */,
			);
			runOnlyForDeploymentPostprocessing = 0;
		};
/* End PBXSourcesBuildPhase section */

/* Begin PBXTargetDependency section */
		FAB34504273BCD25000EEDC9 /* PBXTargetDependency */ = {
			isa = PBXTargetDependency;
			target = 8AB647BA265D0A0D00B2F498 /* StarWarsBrowser */;
			targetProxy = FAB34503273BCD25000EEDC9 /* PBXContainerItemProxy */;
		};
/* End PBXTargetDependency section */

/* Begin PBXVariantGroup section */
		8AB647C9265D0A1100B2F498 /* LaunchScreen.storyboard */ = {
			isa = PBXVariantGroup;
			children = (
				8AB647CA265D0A1100B2F498 /* Base */,
			);
			name = LaunchScreen.storyboard;
			sourceTree = "<group>";
		};
/* End PBXVariantGroup section */

/* Begin XCBuildConfiguration section */
		8AB647CD265D0A1100B2F498 /* Debug */ = {
			isa = XCBuildConfiguration;
			buildSettings = {
				ALWAYS_SEARCH_USER_PATHS = NO;
				CLANG_ANALYZER_NONNULL = YES;
				CLANG_ANALYZER_NUMBER_OBJECT_CONVERSION = YES_AGGRESSIVE;
				CLANG_CXX_LANGUAGE_STANDARD = "gnu++14";
				CLANG_CXX_LIBRARY = "libc++";
				CLANG_ENABLE_MODULES = YES;
				CLANG_ENABLE_OBJC_ARC = YES;
				CLANG_ENABLE_OBJC_WEAK = YES;
				CLANG_WARN_BLOCK_CAPTURE_AUTORELEASING = YES;
				CLANG_WARN_BOOL_CONVERSION = YES;
				CLANG_WARN_COMMA = YES;
				CLANG_WARN_CONSTANT_CONVERSION = YES;
				CLANG_WARN_DEPRECATED_OBJC_IMPLEMENTATIONS = YES;
				CLANG_WARN_DIRECT_OBJC_ISA_USAGE = YES_ERROR;
				CLANG_WARN_DOCUMENTATION_COMMENTS = YES;
				CLANG_WARN_EMPTY_BODY = YES;
				CLANG_WARN_ENUM_CONVERSION = YES;
				CLANG_WARN_INFINITE_RECURSION = YES;
				CLANG_WARN_INT_CONVERSION = YES;
				CLANG_WARN_NON_LITERAL_NULL_CONVERSION = YES;
				CLANG_WARN_OBJC_IMPLICIT_RETAIN_SELF = YES;
				CLANG_WARN_OBJC_LITERAL_CONVERSION = YES;
				CLANG_WARN_OBJC_ROOT_CLASS = YES_ERROR;
				CLANG_WARN_QUOTED_INCLUDE_IN_FRAMEWORK_HEADER = YES;
				CLANG_WARN_RANGE_LOOP_ANALYSIS = YES;
				CLANG_WARN_STRICT_PROTOTYPES = YES;
				CLANG_WARN_SUSPICIOUS_MOVE = YES;
				CLANG_WARN_UNGUARDED_AVAILABILITY = YES_AGGRESSIVE;
				CLANG_WARN_UNREACHABLE_CODE = YES;
				CLANG_WARN__DUPLICATE_METHOD_MATCH = YES;
				COPY_PHASE_STRIP = NO;
				DEBUG_INFORMATION_FORMAT = dwarf;
				ENABLE_STRICT_OBJC_MSGSEND = YES;
				ENABLE_TESTABILITY = YES;
				GCC_C_LANGUAGE_STANDARD = gnu11;
				GCC_DYNAMIC_NO_PIC = NO;
				GCC_NO_COMMON_BLOCKS = YES;
				GCC_OPTIMIZATION_LEVEL = 0;
				GCC_PREPROCESSOR_DEFINITIONS = (
					"DEBUG=1",
					"$(inherited)",
				);
				GCC_WARN_64_TO_32_BIT_CONVERSION = YES;
				GCC_WARN_ABOUT_RETURN_TYPE = YES_ERROR;
				GCC_WARN_UNDECLARED_SELECTOR = YES;
				GCC_WARN_UNINITIALIZED_AUTOS = YES_AGGRESSIVE;
				GCC_WARN_UNUSED_FUNCTION = YES;
				GCC_WARN_UNUSED_VARIABLE = YES;
				IPHONEOS_DEPLOYMENT_TARGET = 14.4;
				MTL_ENABLE_DEBUG_INFO = INCLUDE_SOURCE;
				MTL_FAST_MATH = YES;
				ONLY_ACTIVE_ARCH = YES;
				SDKROOT = iphoneos;
				SWIFT_ACTIVE_COMPILATION_CONDITIONS = DEBUG;
				SWIFT_OPTIMIZATION_LEVEL = "-Onone";
			};
			name = Debug;
		};
		8AB647CE265D0A1100B2F498 /* Release */ = {
			isa = XCBuildConfiguration;
			buildSettings = {
				ALWAYS_SEARCH_USER_PATHS = NO;
				CLANG_ANALYZER_NONNULL = YES;
				CLANG_ANALYZER_NUMBER_OBJECT_CONVERSION = YES_AGGRESSIVE;
				CLANG_CXX_LANGUAGE_STANDARD = "gnu++14";
				CLANG_CXX_LIBRARY = "libc++";
				CLANG_ENABLE_MODULES = YES;
				CLANG_ENABLE_OBJC_ARC = YES;
				CLANG_ENABLE_OBJC_WEAK = YES;
				CLANG_WARN_BLOCK_CAPTURE_AUTORELEASING = YES;
				CLANG_WARN_BOOL_CONVERSION = YES;
				CLANG_WARN_COMMA = YES;
				CLANG_WARN_CONSTANT_CONVERSION = YES;
				CLANG_WARN_DEPRECATED_OBJC_IMPLEMENTATIONS = YES;
				CLANG_WARN_DIRECT_OBJC_ISA_USAGE = YES_ERROR;
				CLANG_WARN_DOCUMENTATION_COMMENTS = YES;
				CLANG_WARN_EMPTY_BODY = YES;
				CLANG_WARN_ENUM_CONVERSION = YES;
				CLANG_WARN_INFINITE_RECURSION = YES;
				CLANG_WARN_INT_CONVERSION = YES;
				CLANG_WARN_NON_LITERAL_NULL_CONVERSION = YES;
				CLANG_WARN_OBJC_IMPLICIT_RETAIN_SELF = YES;
				CLANG_WARN_OBJC_LITERAL_CONVERSION = YES;
				CLANG_WARN_OBJC_ROOT_CLASS = YES_ERROR;
				CLANG_WARN_QUOTED_INCLUDE_IN_FRAMEWORK_HEADER = YES;
				CLANG_WARN_RANGE_LOOP_ANALYSIS = YES;
				CLANG_WARN_STRICT_PROTOTYPES = YES;
				CLANG_WARN_SUSPICIOUS_MOVE = YES;
				CLANG_WARN_UNGUARDED_AVAILABILITY = YES_AGGRESSIVE;
				CLANG_WARN_UNREACHABLE_CODE = YES;
				CLANG_WARN__DUPLICATE_METHOD_MATCH = YES;
				COPY_PHASE_STRIP = NO;
				DEBUG_INFORMATION_FORMAT = "dwarf-with-dsym";
				ENABLE_NS_ASSERTIONS = NO;
				ENABLE_STRICT_OBJC_MSGSEND = YES;
				GCC_C_LANGUAGE_STANDARD = gnu11;
				GCC_NO_COMMON_BLOCKS = YES;
				GCC_WARN_64_TO_32_BIT_CONVERSION = YES;
				GCC_WARN_ABOUT_RETURN_TYPE = YES_ERROR;
				GCC_WARN_UNDECLARED_SELECTOR = YES;
				GCC_WARN_UNINITIALIZED_AUTOS = YES_AGGRESSIVE;
				GCC_WARN_UNUSED_FUNCTION = YES;
				GCC_WARN_UNUSED_VARIABLE = YES;
				IPHONEOS_DEPLOYMENT_TARGET = 14.4;
				MTL_ENABLE_DEBUG_INFO = NO;
				MTL_FAST_MATH = YES;
				SDKROOT = iphoneos;
				SWIFT_COMPILATION_MODE = wholemodule;
				SWIFT_OPTIMIZATION_LEVEL = "-O";
				VALIDATE_PRODUCT = YES;
			};
			name = Release;
		};
		8AB647D0265D0A1100B2F498 /* Debug */ = {
			isa = XCBuildConfiguration;
			buildSettings = {
				ASSETCATALOG_COMPILER_APPICON_NAME = AppIcon;
				ASSETCATALOG_COMPILER_GLOBAL_ACCENT_COLOR_NAME = AccentColor;
				CODE_SIGN_STYLE = Automatic;
				DEVELOPMENT_TEAM = 8V2FDR3JP9;
				INFOPLIST_FILE = StarWarsBrowser/Info.plist;
				IPHONEOS_DEPLOYMENT_TARGET = 15.0;
				LD_RUNPATH_SEARCH_PATHS = (
					"$(inherited)",
					"@executable_path/Frameworks",
				);
				PRODUCT_BUNDLE_IDENTIFIER = com.lexkoz.starwars;
				PRODUCT_NAME = "$(TARGET_NAME)";
				SWIFT_VERSION = 5.0;
				TARGETED_DEVICE_FAMILY = "1,2";
			};
			name = Debug;
		};
		8AB647D1265D0A1100B2F498 /* Release */ = {
			isa = XCBuildConfiguration;
			buildSettings = {
				ASSETCATALOG_COMPILER_APPICON_NAME = AppIcon;
				ASSETCATALOG_COMPILER_GLOBAL_ACCENT_COLOR_NAME = AccentColor;
				CODE_SIGN_STYLE = Manual;
				DEVELOPMENT_TEAM = "";
				INFOPLIST_FILE = StarWarsBrowser/Info.plist;
				IPHONEOS_DEPLOYMENT_TARGET = 15.0;
				LD_RUNPATH_SEARCH_PATHS = (
					"$(inherited)",
					"@executable_path/Frameworks",
				);
				PRODUCT_BUNDLE_IDENTIFIER = com.app.koz.StarWarsBrowser;
				PRODUCT_NAME = "$(TARGET_NAME)";
				PROVISIONING_PROFILE_SPECIFIER = "";
				SWIFT_VERSION = 5.0;
				TARGETED_DEVICE_FAMILY = "1,2";
			};
			name = Release;
		};
		FAB34506273BCD25000EEDC9 /* Debug */ = {
			isa = XCBuildConfiguration;
			buildSettings = {
				BUNDLE_LOADER = "$(TEST_HOST)";
				CLANG_CXX_LANGUAGE_STANDARD = "gnu++17";
				CODE_SIGN_STYLE = Automatic;
				CURRENT_PROJECT_VERSION = 1;
				GENERATE_INFOPLIST_FILE = YES;
				IPHONEOS_DEPLOYMENT_TARGET = 15.0;
				LD_RUNPATH_SEARCH_PATHS = (
					"$(inherited)",
					"@executable_path/Frameworks",
					"@loader_path/Frameworks",
				);
				MARKETING_VERSION = 1.0;
				PRODUCT_BUNDLE_IDENTIFIER = com.app.starwarsbrowser.StarWarsBrowserUnitTests;
				PRODUCT_NAME = "$(TARGET_NAME)";
				SWIFT_EMIT_LOC_STRINGS = NO;
				SWIFT_VERSION = 5.0;
				TARGETED_DEVICE_FAMILY = "1,2";
				TEST_HOST = "$(BUILT_PRODUCTS_DIR)/StarWarsBrowser.app/StarWarsBrowser";
			};
			name = Debug;
		};
		FAB34507273BCD25000EEDC9 /* Release */ = {
			isa = XCBuildConfiguration;
			buildSettings = {
				BUNDLE_LOADER = "$(TEST_HOST)";
				CLANG_CXX_LANGUAGE_STANDARD = "gnu++17";
				CODE_SIGN_STYLE = Automatic;
				CURRENT_PROJECT_VERSION = 1;
				GENERATE_INFOPLIST_FILE = YES;
				IPHONEOS_DEPLOYMENT_TARGET = 15.0;
				LD_RUNPATH_SEARCH_PATHS = (
					"$(inherited)",
					"@executable_path/Frameworks",
					"@loader_path/Frameworks",
				);
				MARKETING_VERSION = 1.0;
				PRODUCT_BUNDLE_IDENTIFIER = com.app.starwarsbrowser.StarWarsBrowserUnitTests;
				PRODUCT_NAME = "$(TARGET_NAME)";
				SWIFT_EMIT_LOC_STRINGS = NO;
				SWIFT_VERSION = 5.0;
				TARGETED_DEVICE_FAMILY = "1,2";
				TEST_HOST = "$(BUILT_PRODUCTS_DIR)/StarWarsBrowser.app/StarWarsBrowser";
			};
			name = Release;
		};
/* End XCBuildConfiguration section */

/* Begin XCConfigurationList section */
		8AB647B6265D0A0D00B2F498 /* Build configuration list for PBXProject "StarWarsBrowser" */ = {
			isa = XCConfigurationList;
			buildConfigurations = (
				8AB647CD265D0A1100B2F498 /* Debug */,
				8AB647CE265D0A1100B2F498 /* Release */,
			);
			defaultConfigurationIsVisible = 0;
			defaultConfigurationName = Release;
		};
		8AB647CF265D0A1100B2F498 /* Build configuration list for PBXNativeTarget "StarWarsBrowser" */ = {
			isa = XCConfigurationList;
			buildConfigurations = (
				8AB647D0265D0A1100B2F498 /* Debug */,
				8AB647D1265D0A1100B2F498 /* Release */,
			);
			defaultConfigurationIsVisible = 0;
			defaultConfigurationName = Release;
		};
		FAB34505273BCD25000EEDC9 /* Build configuration list for PBXNativeTarget "StarWarsBrowserUnitTests" */ = {
			isa = XCConfigurationList;
			buildConfigurations = (
				FAB34506273BCD25000EEDC9 /* Debug */,
				FAB34507273BCD25000EEDC9 /* Release */,
			);
			defaultConfigurationIsVisible = 0;
			defaultConfigurationName = Release;
		};
/* End XCConfigurationList section */

/* Begin XCRemoteSwiftPackageReference section */
		FA7E88FE272BD2D900220980 /* XCRemoteSwiftPackageReference "firebase-ios-sdk" */ = {
			isa = XCRemoteSwiftPackageReference;
			repositoryURL = "https://github.com/firebase/firebase-ios-sdk.git";
			requirement = {
				kind = upToNextMajorVersion;
				minimumVersion = 8.0.0;
			};
		};
/* End XCRemoteSwiftPackageReference section */

/* Begin XCSwiftPackageProductDependency section */
		FA7E88FF272BD2D900220980 /* FirebaseStorageCombine-Community */ = {
			isa = XCSwiftPackageProductDependency;
			package = FA7E88FE272BD2D900220980 /* XCRemoteSwiftPackageReference "firebase-ios-sdk" */;
			productName = "FirebaseStorageCombine-Community";
		};
/* End XCSwiftPackageProductDependency section */
	};
	rootObject = 8AB647B3265D0A0D00B2F498 /* Project object */;
}
