// !$*UTF8*$!
{
	archiveVersion = 1;
	classes = {
	};
	objectVersion = 50;
	objects = {

/* Begin PBXBuildFile section */
		8A092C342670A41B007077C0 /* CategoryCollectionViewCell.swift in Sources */ = {isa = PBXBuildFile; fileRef = 8A092C322670A41B007077C0 /* CategoryCollectionViewCell.swift */; };
		8A092C3D2670D9A0007077C0 /* StarWarsNetworkService.swift in Sources */ = {isa = PBXBuildFile; fileRef = 8A092C3C2670D9A0007077C0 /* StarWarsNetworkService.swift */; };
		8AB647BF265D0A0D00B2F498 /* AppDelegate.swift in Sources */ = {isa = PBXBuildFile; fileRef = 8AB647BE265D0A0D00B2F498 /* AppDelegate.swift */; };
		8AB647C1265D0A0D00B2F498 /* SceneDelegate.swift in Sources */ = {isa = PBXBuildFile; fileRef = 8AB647C0265D0A0D00B2F498 /* SceneDelegate.swift */; };
		8AB647C3265D0A0D00B2F498 /* MainSceneViewController.swift in Sources */ = {isa = PBXBuildFile; fileRef = 8AB647C2265D0A0D00B2F498 /* MainSceneViewController.swift */; };
		8AB647C6265D0A0D00B2F498 /* Main.storyboard in Resources */ = {isa = PBXBuildFile; fileRef = 8AB647C4265D0A0D00B2F498 /* Main.storyboard */; };
		8AB647C8265D0A1100B2F498 /* Assets.xcassets in Resources */ = {isa = PBXBuildFile; fileRef = 8AB647C7265D0A1100B2F498 /* Assets.xcassets */; };
		8AB647CB265D0A1100B2F498 /* LaunchScreen.storyboard in Resources */ = {isa = PBXBuildFile; fileRef = 8AB647C9265D0A1100B2F498 /* LaunchScreen.storyboard */; };
		8ABB296C26828A6B009963FF /* Film.swift in Sources */ = {isa = PBXBuildFile; fileRef = 8ABB296B26828A6A009963FF /* Film.swift */; };
		8ABB296F26828BA3009963FF /* Displayable.swift in Sources */ = {isa = PBXBuildFile; fileRef = 8ABB296E26828BA3009963FF /* Displayable.swift */; };
		8ABDA0C72680E44600477D3D /* Details.swift in Sources */ = {isa = PBXBuildFile; fileRef = 8ABDA0C52680E44600477D3D /* Details.swift */; };
		8ABDA0C82680E44600477D3D /* Category.swift in Sources */ = {isa = PBXBuildFile; fileRef = 8ABDA0C62680E44600477D3D /* Category.swift */; };
		8ABDA0CC2680EF0300477D3D /* InfoCollectionViewCell.swift in Sources */ = {isa = PBXBuildFile; fileRef = 8ABDA0CB2680EF0300477D3D /* InfoCollectionViewCell.swift */; };
		8AE0C9552671FD370006B95E /* MainSceneViewModel.swift in Sources */ = {isa = PBXBuildFile; fileRef = 8AE0C9542671FD370006B95E /* MainSceneViewModel.swift */; };
		8AE0C9592672153D0006B95E /* NetworkServiceManager.swift in Sources */ = {isa = PBXBuildFile; fileRef = 8AE0C9582672153D0006B95E /* NetworkServiceManager.swift */; };
/* End PBXBuildFile section */

/* Begin PBXFileReference section */
		8A092C322670A41B007077C0 /* CategoryCollectionViewCell.swift */ = {isa = PBXFileReference; lastKnownFileType = sourcecode.swift; path = CategoryCollectionViewCell.swift; sourceTree = "<group>"; };
		8A092C3C2670D9A0007077C0 /* StarWarsNetworkService.swift */ = {isa = PBXFileReference; lastKnownFileType = sourcecode.swift; path = StarWarsNetworkService.swift; sourceTree = "<group>"; };
		8AB647BB265D0A0D00B2F498 /* StarWarsBrowser.app */ = {isa = PBXFileReference; explicitFileType = wrapper.application; includeInIndex = 0; path = StarWarsBrowser.app; sourceTree = BUILT_PRODUCTS_DIR; };
		8AB647BE265D0A0D00B2F498 /* AppDelegate.swift */ = {isa = PBXFileReference; lastKnownFileType = sourcecode.swift; path = AppDelegate.swift; sourceTree = "<group>"; };
		8AB647C0265D0A0D00B2F498 /* SceneDelegate.swift */ = {isa = PBXFileReference; lastKnownFileType = sourcecode.swift; path = SceneDelegate.swift; sourceTree = "<group>"; };
		8AB647C2265D0A0D00B2F498 /* MainSceneViewController.swift */ = {isa = PBXFileReference; lastKnownFileType = sourcecode.swift; path = MainSceneViewController.swift; sourceTree = "<group>"; };
		8AB647C5265D0A0D00B2F498 /* Base */ = {isa = PBXFileReference; lastKnownFileType = file.storyboard; name = Base; path = Base.lproj/Main.storyboard; sourceTree = "<group>"; };
		8AB647C7265D0A1100B2F498 /* Assets.xcassets */ = {isa = PBXFileReference; lastKnownFileType = folder.assetcatalog; path = Assets.xcassets; sourceTree = "<group>"; };
		8AB647CA265D0A1100B2F498 /* Base */ = {isa = PBXFileReference; lastKnownFileType = file.storyboard; name = Base; path = Base.lproj/LaunchScreen.storyboard; sourceTree = "<group>"; };
		8AB647CC265D0A1100B2F498 /* Info.plist */ = {isa = PBXFileReference; lastKnownFileType = text.plist.xml; path = Info.plist; sourceTree = "<group>"; };
		8ABB296B26828A6A009963FF /* Film.swift */ = {isa = PBXFileReference; lastKnownFileType = sourcecode.swift; path = Film.swift; sourceTree = "<group>"; };
		8ABB296E26828BA3009963FF /* Displayable.swift */ = {isa = PBXFileReference; lastKnownFileType = sourcecode.swift; path = Displayable.swift; sourceTree = "<group>"; };
		8ABDA0C52680E44600477D3D /* Details.swift */ = {isa = PBXFileReference; fileEncoding = 4; lastKnownFileType = sourcecode.swift; path = Details.swift; sourceTree = "<group>"; };
		8ABDA0C62680E44600477D3D /* Category.swift */ = {isa = PBXFileReference; fileEncoding = 4; lastKnownFileType = sourcecode.swift; path = Category.swift; sourceTree = "<group>"; };
		8ABDA0CB2680EF0300477D3D /* InfoCollectionViewCell.swift */ = {isa = PBXFileReference; lastKnownFileType = sourcecode.swift; path = InfoCollectionViewCell.swift; sourceTree = "<group>"; };
		8AE0C9542671FD370006B95E /* MainSceneViewModel.swift */ = {isa = PBXFileReference; lastKnownFileType = sourcecode.swift; path = MainSceneViewModel.swift; sourceTree = "<group>"; };
		8AE0C9582672153D0006B95E /* NetworkServiceManager.swift */ = {isa = PBXFileReference; lastKnownFileType = sourcecode.swift; path = NetworkServiceManager.swift; sourceTree = "<group>"; };
/* End PBXFileReference section */

/* Begin PBXFrameworksBuildPhase section */
		8AB647B8265D0A0D00B2F498 /* Frameworks */ = {
			isa = PBXFrameworksBuildPhase;
			buildActionMask = 2147483647;
			files = (
			);
			runOnlyForDeploymentPostprocessing = 0;
		};
/* End PBXFrameworksBuildPhase section */

/* Begin PBXGroup section */
		8AB647B2265D0A0D00B2F498 = {
			isa = PBXGroup;
			children = (
				8AB647BD265D0A0D00B2F498 /* StarWarsBrowser */,
				8AB647BC265D0A0D00B2F498 /* Products */,
			);
			sourceTree = "<group>";
		};
		8AB647BC265D0A0D00B2F498 /* Products */ = {
			isa = PBXGroup;
			children = (
				8AB647BB265D0A0D00B2F498 /* StarWarsBrowser.app */,
			);
			name = Products;
			sourceTree = "<group>";
		};
		8AB647BD265D0A0D00B2F498 /* StarWarsBrowser */ = {
			isa = PBXGroup;
			children = (
				8AB647BE265D0A0D00B2F498 /* AppDelegate.swift */,
				8AB647C0265D0A0D00B2F498 /* SceneDelegate.swift */,
				8AE0C95B267215480006B95E /* Network */,
				8ABDA0C42680E44600477D3D /* Models */,
				8AF18696265D48C10067AE1A /* MainScene */,
				8AB647C4265D0A0D00B2F498 /* Main.storyboard */,
				8AB647C7265D0A1100B2F498 /* Assets.xcassets */,
				8AB647C9265D0A1100B2F498 /* LaunchScreen.storyboard */,
				8AB647CC265D0A1100B2F498 /* Info.plist */,
			);
			path = StarWarsBrowser;
			sourceTree = "<group>";
		};
		8ABDA0C42680E44600477D3D /* Models */ = {
			isa = PBXGroup;
			children = (
				8ABDA0C62680E44600477D3D /* Category.swift */,
				8ABDA0C52680E44600477D3D /* Details.swift */,
				8ABB296B26828A6A009963FF /* Film.swift */,
				8ABB296E26828BA3009963FF /* Displayable.swift */,
			);
			path = Models;
			sourceTree = "<group>";
		};
		8AE0C9522671FD110006B95E /* Cell */ = {
			isa = PBXGroup;
			children = (
				8A092C322670A41B007077C0 /* CategoryCollectionViewCell.swift */,
				8ABDA0CB2680EF0300477D3D /* InfoCollectionViewCell.swift */,
			);
			path = Cell;
			sourceTree = "<group>";
		};
		8AE0C95B267215480006B95E /* Network */ = {
			isa = PBXGroup;
			children = (
				8A092C3C2670D9A0007077C0 /* StarWarsNetworkService.swift */,
				8AE0C9582672153D0006B95E /* NetworkServiceManager.swift */,
			);
			path = Network;
			sourceTree = "<group>";
		};
		8AF18696265D48C10067AE1A /* MainScene */ = {
			isa = PBXGroup;
			children = (
				8AB647C2265D0A0D00B2F498 /* MainSceneViewController.swift */,
				8AF7148626823C2900D9C8C5 /* ViewModels */,
				8AE0C9522671FD110006B95E /* Cell */,
			);
			path = MainScene;
			sourceTree = "<group>";
		};
		8AF7148626823C2900D9C8C5 /* ViewModels */ = {
			isa = PBXGroup;
			children = (
				8AE0C9542671FD370006B95E /* MainSceneViewModel.swift */,
			);
			path = ViewModels;
			sourceTree = "<group>";
		};
/* End PBXGroup section */

/* Begin PBXNativeTarget section */
		8AB647BA265D0A0D00B2F498 /* StarWarsBrowser */ = {
			isa = PBXNativeTarget;
			buildConfigurationList = 8AB647CF265D0A1100B2F498 /* Build configuration list for PBXNativeTarget "StarWarsBrowser" */;
			buildPhases = (
				8AB647B7265D0A0D00B2F498 /* Sources */,
				8AB647B8265D0A0D00B2F498 /* Frameworks */,
				8AB647B9265D0A0D00B2F498 /* Resources */,
			);
			buildRules = (
			);
			dependencies = (
			);
			name = StarWarsBrowser;
			productName = StarWarsBrowser;
			productReference = 8AB647BB265D0A0D00B2F498 /* StarWarsBrowser.app */;
			productType = "com.apple.product-type.application";
		};
/* End PBXNativeTarget section */

/* Begin PBXProject section */
		8AB647B3265D0A0D00B2F498 /* Project object */ = {
			isa = PBXProject;
			attributes = {
				LastSwiftUpdateCheck = 1240;
				LastUpgradeCheck = 1240;
				TargetAttributes = {
					8AB647BA265D0A0D00B2F498 = {
						CreatedOnToolsVersion = 12.4;
					};
				};
			};
			buildConfigurationList = 8AB647B6265D0A0D00B2F498 /* Build configuration list for PBXProject "StarWarsBrowser" */;
			compatibilityVersion = "Xcode 9.3";
			developmentRegion = en;
			hasScannedForEncodings = 0;
			knownRegions = (
				en,
				Base,
			);
			mainGroup = 8AB647B2265D0A0D00B2F498;
			productRefGroup = 8AB647BC265D0A0D00B2F498 /* Products */;
			projectDirPath = "";
			projectRoot = "";
			targets = (
				8AB647BA265D0A0D00B2F498 /* StarWarsBrowser */,
			);
		};
/* End PBXProject section */

/* Begin PBXResourcesBuildPhase section */
		8AB647B9265D0A0D00B2F498 /* Resources */ = {
			isa = PBXResourcesBuildPhase;
			buildActionMask = 2147483647;
			files = (
				8AB647CB265D0A1100B2F498 /* LaunchScreen.storyboard in Resources */,
				8AB647C8265D0A1100B2F498 /* Assets.xcassets in Resources */,
				8AB647C6265D0A0D00B2F498 /* Main.storyboard in Resources */,
			);
			runOnlyForDeploymentPostprocessing = 0;
		};
/* End PBXResourcesBuildPhase section */

/* Begin PBXSourcesBuildPhase section */
		8AB647B7265D0A0D00B2F498 /* Sources */ = {
			isa = PBXSourcesBuildPhase;
			buildActionMask = 2147483647;
			files = (
				8ABDA0CC2680EF0300477D3D /* InfoCollectionViewCell.swift in Sources */,
				8AE0C9552671FD370006B95E /* MainSceneViewModel.swift in Sources */,
				8AB647C3265D0A0D00B2F498 /* MainSceneViewController.swift in Sources */,
				8A092C3D2670D9A0007077C0 /* StarWarsNetworkService.swift in Sources */,
				8A092C342670A41B007077C0 /* CategoryCollectionViewCell.swift in Sources */,
				8AE0C9592672153D0006B95E /* NetworkServiceManager.swift in Sources */,
				8ABB296C26828A6B009963FF /* Film.swift in Sources */,
				8ABDA0C82680E44600477D3D /* Category.swift in Sources */,
				8AB647BF265D0A0D00B2F498 /* AppDelegate.swift in Sources */,
				8ABDA0C72680E44600477D3D /* Details.swift in Sources */,
				8ABB296F26828BA3009963FF /* Displayable.swift in Sources */,
				8AB647C1265D0A0D00B2F498 /* SceneDelegate.swift in Sources */,
			);
			runOnlyForDeploymentPostprocessing = 0;
		};
/* End PBXSourcesBuildPhase section */

/* Begin PBXVariantGroup section */
		8AB647C4265D0A0D00B2F498 /* Main.storyboard */ = {
			isa = PBXVariantGroup;
			children = (
				8AB647C5265D0A0D00B2F498 /* Base */,
			);
			name = Main.storyboard;
			sourceTree = "<group>";
		};
		8AB647C9265D0A1100B2F498 /* LaunchScreen.storyboard */ = {
			isa = PBXVariantGroup;
			children = (
				8AB647CA265D0A1100B2F498 /* Base */,
			);
			name = LaunchScreen.storyboard;
			sourceTree = "<group>";
		};
/* End PBXVariantGroup section */

/* Begin XCBuildConfiguration section */
		8AB647CD265D0A1100B2F498 /* Debug */ = {
			isa = XCBuildConfiguration;
			buildSettings = {
				ALWAYS_SEARCH_USER_PATHS = NO;
				CLANG_ANALYZER_NONNULL = YES;
				CLANG_ANALYZER_NUMBER_OBJECT_CONVERSION = YES_AGGRESSIVE;
				CLANG_CXX_LANGUAGE_STANDARD = "gnu++14";
				CLANG_CXX_LIBRARY = "libc++";
				CLANG_ENABLE_MODULES = YES;
				CLANG_ENABLE_OBJC_ARC = YES;
				CLANG_ENABLE_OBJC_WEAK = YES;
				CLANG_WARN_BLOCK_CAPTURE_AUTORELEASING = YES;
				CLANG_WARN_BOOL_CONVERSION = YES;
				CLANG_WARN_COMMA = YES;
				CLANG_WARN_CONSTANT_CONVERSION = YES;
				CLANG_WARN_DEPRECATED_OBJC_IMPLEMENTATIONS = YES;
				CLANG_WARN_DIRECT_OBJC_ISA_USAGE = YES_ERROR;
				CLANG_WARN_DOCUMENTATION_COMMENTS = YES;
				CLANG_WARN_EMPTY_BODY = YES;
				CLANG_WARN_ENUM_CONVERSION = YES;
				CLANG_WARN_INFINITE_RECURSION = YES;
				CLANG_WARN_INT_CONVERSION = YES;
				CLANG_WARN_NON_LITERAL_NULL_CONVERSION = YES;
				CLANG_WARN_OBJC_IMPLICIT_RETAIN_SELF = YES;
				CLANG_WARN_OBJC_LITERAL_CONVERSION = YES;
				CLANG_WARN_OBJC_ROOT_CLASS = YES_ERROR;
				CLANG_WARN_QUOTED_INCLUDE_IN_FRAMEWORK_HEADER = YES;
				CLANG_WARN_RANGE_LOOP_ANALYSIS = YES;
				CLANG_WARN_STRICT_PROTOTYPES = YES;
				CLANG_WARN_SUSPICIOUS_MOVE = YES;
				CLANG_WARN_UNGUARDED_AVAILABILITY = YES_AGGRESSIVE;
				CLANG_WARN_UNREACHABLE_CODE = YES;
				CLANG_WARN__DUPLICATE_METHOD_MATCH = YES;
				COPY_PHASE_STRIP = NO;
				DEBUG_INFORMATION_FORMAT = dwarf;
				ENABLE_STRICT_OBJC_MSGSEND = YES;
				ENABLE_TESTABILITY = YES;
				GCC_C_LANGUAGE_STANDARD = gnu11;
				GCC_DYNAMIC_NO_PIC = NO;
				GCC_NO_COMMON_BLOCKS = YES;
				GCC_OPTIMIZATION_LEVEL = 0;
				GCC_PREPROCESSOR_DEFINITIONS = (
					"DEBUG=1",
					"$(inherited)",
				);
				GCC_WARN_64_TO_32_BIT_CONVERSION = YES;
				GCC_WARN_ABOUT_RETURN_TYPE = YES_ERROR;
				GCC_WARN_UNDECLARED_SELECTOR = YES;
				GCC_WARN_UNINITIALIZED_AUTOS = YES_AGGRESSIVE;
				GCC_WARN_UNUSED_FUNCTION = YES;
				GCC_WARN_UNUSED_VARIABLE = YES;
				IPHONEOS_DEPLOYMENT_TARGET = 14.4;
				MTL_ENABLE_DEBUG_INFO = INCLUDE_SOURCE;
				MTL_FAST_MATH = YES;
				ONLY_ACTIVE_ARCH = YES;
				SDKROOT = iphoneos;
				SWIFT_ACTIVE_COMPILATION_CONDITIONS = DEBUG;
				SWIFT_OPTIMIZATION_LEVEL = "-Onone";
			};
			name = Debug;
		};
		8AB647CE265D0A1100B2F498 /* Release */ = {
			isa = XCBuildConfiguration;
			buildSettings = {
				ALWAYS_SEARCH_USER_PATHS = NO;
				CLANG_ANALYZER_NONNULL = YES;
				CLANG_ANALYZER_NUMBER_OBJECT_CONVERSION = YES_AGGRESSIVE;
				CLANG_CXX_LANGUAGE_STANDARD = "gnu++14";
				CLANG_CXX_LIBRARY = "libc++";
				CLANG_ENABLE_MODULES = YES;
				CLANG_ENABLE_OBJC_ARC = YES;
				CLANG_ENABLE_OBJC_WEAK = YES;
				CLANG_WARN_BLOCK_CAPTURE_AUTORELEASING = YES;
				CLANG_WARN_BOOL_CONVERSION = YES;
				CLANG_WARN_COMMA = YES;
				CLANG_WARN_CONSTANT_CONVERSION = YES;
				CLANG_WARN_DEPRECATED_OBJC_IMPLEMENTATIONS = YES;
				CLANG_WARN_DIRECT_OBJC_ISA_USAGE = YES_ERROR;
				CLANG_WARN_DOCUMENTATION_COMMENTS = YES;
				CLANG_WARN_EMPTY_BODY = YES;
				CLANG_WARN_ENUM_CONVERSION = YES;
				CLANG_WARN_INFINITE_RECURSION = YES;
				CLANG_WARN_INT_CONVERSION = YES;
				CLANG_WARN_NON_LITERAL_NULL_CONVERSION = YES;
				CLANG_WARN_OBJC_IMPLICIT_RETAIN_SELF = YES;
				CLANG_WARN_OBJC_LITERAL_CONVERSION = YES;
				CLANG_WARN_OBJC_ROOT_CLASS = YES_ERROR;
				CLANG_WARN_QUOTED_INCLUDE_IN_FRAMEWORK_HEADER = YES;
				CLANG_WARN_RANGE_LOOP_ANALYSIS = YES;
				CLANG_WARN_STRICT_PROTOTYPES = YES;
				CLANG_WARN_SUSPICIOUS_MOVE = YES;
				CLANG_WARN_UNGUARDED_AVAILABILITY = YES_AGGRESSIVE;
				CLANG_WARN_UNREACHABLE_CODE = YES;
				CLANG_WARN__DUPLICATE_METHOD_MATCH = YES;
				COPY_PHASE_STRIP = NO;
				DEBUG_INFORMATION_FORMAT = "dwarf-with-dsym";
				ENABLE_NS_ASSERTIONS = NO;
				ENABLE_STRICT_OBJC_MSGSEND = YES;
				GCC_C_LANGUAGE_STANDARD = gnu11;
				GCC_NO_COMMON_BLOCKS = YES;
				GCC_WARN_64_TO_32_BIT_CONVERSION = YES;
				GCC_WARN_ABOUT_RETURN_TYPE = YES_ERROR;
				GCC_WARN_UNDECLARED_SELECTOR = YES;
				GCC_WARN_UNINITIALIZED_AUTOS = YES_AGGRESSIVE;
				GCC_WARN_UNUSED_FUNCTION = YES;
				GCC_WARN_UNUSED_VARIABLE = YES;
				IPHONEOS_DEPLOYMENT_TARGET = 14.4;
				MTL_ENABLE_DEBUG_INFO = NO;
				MTL_FAST_MATH = YES;
				SDKROOT = iphoneos;
				SWIFT_COMPILATION_MODE = wholemodule;
				SWIFT_OPTIMIZATION_LEVEL = "-O";
				VALIDATE_PRODUCT = YES;
			};
			name = Release;
		};
		8AB647D0265D0A1100B2F498 /* Debug */ = {
			isa = XCBuildConfiguration;
			buildSettings = {
				ASSETCATALOG_COMPILER_APPICON_NAME = AppIcon;
				ASSETCATALOG_COMPILER_GLOBAL_ACCENT_COLOR_NAME = AccentColor;
				CODE_SIGN_STYLE = Automatic;
				DEVELOPMENT_TEAM = 6J2HZER4F3;
				INFOPLIST_FILE = StarWarsBrowser/Info.plist;
				LD_RUNPATH_SEARCH_PATHS = (
					"$(inherited)",
					"@executable_path/Frameworks",
				);
				PRODUCT_BUNDLE_IDENTIFIER = com.app.koz.StarWarsBrowser;
				PRODUCT_NAME = "$(TARGET_NAME)";
				SWIFT_VERSION = 5.0;
				TARGETED_DEVICE_FAMILY = "1,2";
			};
			name = Debug;
		};
		8AB647D1265D0A1100B2F498 /* Release */ = {
			isa = XCBuildConfiguration;
			buildSettings = {
				ASSETCATALOG_COMPILER_APPICON_NAME = AppIcon;
				ASSETCATALOG_COMPILER_GLOBAL_ACCENT_COLOR_NAME = AccentColor;
				CODE_SIGN_STYLE = Automatic;
				DEVELOPMENT_TEAM = 6J2HZER4F3;
				INFOPLIST_FILE = StarWarsBrowser/Info.plist;
				LD_RUNPATH_SEARCH_PATHS = (
					"$(inherited)",
					"@executable_path/Frameworks",
				);
				PRODUCT_BUNDLE_IDENTIFIER = com.app.koz.StarWarsBrowser;
				PRODUCT_NAME = "$(TARGET_NAME)";
				SWIFT_VERSION = 5.0;
				TARGETED_DEVICE_FAMILY = "1,2";
			};
			name = Release;
		};
/* End XCBuildConfiguration section */

/* Begin XCConfigurationList section */
		8AB647B6265D0A0D00B2F498 /* Build configuration list for PBXProject "StarWarsBrowser" */ = {
			isa = XCConfigurationList;
			buildConfigurations = (
				8AB647CD265D0A1100B2F498 /* Debug */,
				8AB647CE265D0A1100B2F498 /* Release */,
			);
			defaultConfigurationIsVisible = 0;
			defaultConfigurationName = Release;
		};
		8AB647CF265D0A1100B2F498 /* Build configuration list for PBXNativeTarget "StarWarsBrowser" */ = {
			isa = XCConfigurationList;
			buildConfigurations = (
				8AB647D0265D0A1100B2F498 /* Debug */,
				8AB647D1265D0A1100B2F498 /* Release */,
			);
			defaultConfigurationIsVisible = 0;
			defaultConfigurationName = Release;
		};
/* End XCConfigurationList section */
	};
	rootObject = 8AB647B3265D0A0D00B2F498 /* Project object */;
}
